// !$*UTF8*$!
{
	archiveVersion = 1;
	classes = {
	};
	objectVersion = 46;
	objects = {

/* Begin PBXBuildFile section */
		F80B212E173AD1AC00DDA0D6 /* AudioViewController.m in Sources */ = {isa = PBXBuildFile; fileRef = F80B212D173AD1AC00DDA0D6 /* AudioViewController.m */; };
		F80B4740172831AF00F4FBEB /* GMoveSnapshot+GCalendar.m in Sources */ = {isa = PBXBuildFile; fileRef = F80B473F172831AF00F4FBEB /* GMoveSnapshot+GCalendar.m */; };
		F82369BD1727B53C00868E8B /* GPoint.m in Sources */ = {isa = PBXBuildFile; fileRef = FD07BDD41727605100D8E26A /* GPoint.m */; };
		F82369BE1727B53C00868E8B /* GSlider.m in Sources */ = {isa = PBXBuildFile; fileRef = FD07BDD7172761DF00D8E26A /* GSlider.m */; };
		F82369C21727D46500868E8B /* CalendarViewController.m in Sources */ = {isa = PBXBuildFile; fileRef = F82369C11727D46500868E8B /* CalendarViewController.m */; };
		F8263B25172A9D3900075959 /* PresentViewController.m in Sources */ = {isa = PBXBuildFile; fileRef = F8263B24172A9D3900075959 /* PresentViewController.m */; };
		F86D68551737C1DF003EFE6C /* GTextField.m in Sources */ = {isa = PBXBuildFile; fileRef = F86D68541737C1DF003EFE6C /* GTextField.m */; };
		F86D68581737CE03003EFE6C /* GScrollSlider.m in Sources */ = {isa = PBXBuildFile; fileRef = F86D68571737CE03003EFE6C /* GScrollSlider.m */; };
		F8862C4516CA6A35006EB467 /* UIKit.framework in Frameworks */ = {isa = PBXBuildFile; fileRef = F8862C4416CA6A35006EB467 /* UIKit.framework */; };
		F8862C4716CA6A35006EB467 /* Foundation.framework in Frameworks */ = {isa = PBXBuildFile; fileRef = F8862C4616CA6A35006EB467 /* Foundation.framework */; };
		F8862C4F16CA6A35006EB467 /* InfoPlist.strings in Resources */ = {isa = PBXBuildFile; fileRef = F8862C4D16CA6A35006EB467 /* InfoPlist.strings */; };
		F8862C5116CA6A35006EB467 /* main.m in Sources */ = {isa = PBXBuildFile; fileRef = F8862C5016CA6A35006EB467 /* main.m */; };
		F8862C6316CA6A36006EB467 /* SenTestingKit.framework in Frameworks */ = {isa = PBXBuildFile; fileRef = F8862C6216CA6A36006EB467 /* SenTestingKit.framework */; };
		F8862C6416CA6A36006EB467 /* UIKit.framework in Frameworks */ = {isa = PBXBuildFile; fileRef = F8862C4416CA6A35006EB467 /* UIKit.framework */; };
		F8862C6516CA6A36006EB467 /* Foundation.framework in Frameworks */ = {isa = PBXBuildFile; fileRef = F8862C4616CA6A35006EB467 /* Foundation.framework */; };
		F8862C6D16CA6A36006EB467 /* InfoPlist.strings in Resources */ = {isa = PBXBuildFile; fileRef = F8862C6B16CA6A36006EB467 /* InfoPlist.strings */; };
		F8862C7016CA6A36006EB467 /* GKitDemoTests.m in Sources */ = {isa = PBXBuildFile; fileRef = F8862C6F16CA6A36006EB467 /* GKitDemoTests.m */; };
		F8862CBD16CA74AF006EB467 /* CoreData.framework in Frameworks */ = {isa = PBXBuildFile; fileRef = F8862CBC16CA74AF006EB467 /* CoreData.framework */; };
		F88F7A8A171803F1003F9238 /* GKit.podspec in Resources */ = {isa = PBXBuildFile; fileRef = F88F7A67171803F1003F9238 /* GKit.podspec */; };
		F88F7A8B171803F1003F9238 /* LICENSE in Resources */ = {isa = PBXBuildFile; fileRef = F88F7A68171803F1003F9238 /* LICENSE */; };
		F88F7A8C171803F1003F9238 /* README.md in Resources */ = {isa = PBXBuildFile; fileRef = F88F7A69171803F1003F9238 /* README.md */; };
		F8B6BFC7172671D100214182 /* CenterTabBarItemImage.png in Resources */ = {isa = PBXBuildFile; fileRef = F8B6BFC0172671D100214182 /* CenterTabBarItemImage.png */; };
		F8B6BFC8172671D100214182 /* CenterTabBarItemImage@2x.png in Resources */ = {isa = PBXBuildFile; fileRef = F8B6BFC1172671D100214182 /* CenterTabBarItemImage@2x.png */; };
		F8B6BFC9172671D100214182 /* Default-568h@2x.png in Resources */ = {isa = PBXBuildFile; fileRef = F8B6BFC2172671D100214182 /* Default-568h@2x.png */; };
		F8B6BFCA172671D100214182 /* Default.png in Resources */ = {isa = PBXBuildFile; fileRef = F8B6BFC3172671D100214182 /* Default.png */; };
		F8B6BFCB172671D100214182 /* Default@2x.png in Resources */ = {isa = PBXBuildFile; fileRef = F8B6BFC4172671D100214182 /* Default@2x.png */; };
		F8B6BFCC172671D100214182 /* UIImage.png in Resources */ = {isa = PBXBuildFile; fileRef = F8B6BFC5172671D100214182 /* UIImage.png */; };
		F8B6BFCD172671D100214182 /* UIImage@2x.png in Resources */ = {isa = PBXBuildFile; fileRef = F8B6BFC6172671D100214182 /* UIImage@2x.png */; };
		F8B6BFDD172671DB00214182 /* AppDelegate.m in Sources */ = {isa = PBXBuildFile; fileRef = F8B6BFD0172671DB00214182 /* AppDelegate.m */; };
		F8B6BFDE172671DB00214182 /* CustomUIViewController.m in Sources */ = {isa = PBXBuildFile; fileRef = F8B6BFD2172671DB00214182 /* CustomUIViewController.m */; };
		F8B6BFDF172671DB00214182 /* DemosViewController.m in Sources */ = {isa = PBXBuildFile; fileRef = F8B6BFD4172671DB00214182 /* DemosViewController.m */; };
		F8B6C0521726C54000214182 /* GAudio.m in Sources */ = {isa = PBXBuildFile; fileRef = F8B6BFEF1726C54000214182 /* GAudio.m */; };
		F8B6C0531726C54000214182 /* GDayView.m in Sources */ = {isa = PBXBuildFile; fileRef = F8B6BFF31726C54000214182 /* GDayView.m */; };
		F8B6C0541726C54000214182 /* GEvent.m in Sources */ = {isa = PBXBuildFile; fileRef = F8B6BFF51726C54000214182 /* GEvent.m */; };
		F8B6C0551726C54000214182 /* GEventView.m in Sources */ = {isa = PBXBuildFile; fileRef = F8B6BFF71726C54000214182 /* GEventView.m */; };
		F8B6C0561726C54000214182 /* GMonthView.m in Sources */ = {isa = PBXBuildFile; fileRef = F8B6BFF91726C54000214182 /* GMonthView.m */; };
		F8B6C0571726C54000214182 /* GWeekView.m in Sources */ = {isa = PBXBuildFile; fileRef = F8B6BFFB1726C54000214182 /* GWeekView.m */; };
		F8B6C0581726C54000214182 /* GCamera.m in Sources */ = {isa = PBXBuildFile; fileRef = F8B6BFFE1726C54000214182 /* GCamera.m */; };
		F8B6C0591726C54000214182 /* GMath.m in Sources */ = {isa = PBXBuildFile; fileRef = F8B6C0031726C54000214182 /* GMath.m */; };
		F8B6C05A1726C54000214182 /* NSArray+GKit.m in Sources */ = {isa = PBXBuildFile; fileRef = F8B6C0051726C54000214182 /* NSArray+GKit.m */; };
		F8B6C05B1726C54000214182 /* NSData+GKit.m in Sources */ = {isa = PBXBuildFile; fileRef = F8B6C0071726C54000214182 /* NSData+GKit.m */; };
		F8B6C05C1726C54000214182 /* NSDate+GKit.m in Sources */ = {isa = PBXBuildFile; fileRef = F8B6C0091726C54000214182 /* NSDate+GKit.m */; };
		F8B6C05D1726C54000214182 /* NSFileManager+GKit.m in Sources */ = {isa = PBXBuildFile; fileRef = F8B6C00B1726C54000214182 /* NSFileManager+GKit.m */; };
		F8B6C05E1726C54000214182 /* NSMutableArray+GKit.m in Sources */ = {isa = PBXBuildFile; fileRef = F8B6C00D1726C54000214182 /* NSMutableArray+GKit.m */; };
		F8B6C05F1726C54000214182 /* NSNumber+GKit.m in Sources */ = {isa = PBXBuildFile; fileRef = F8B6C00F1726C54000214182 /* NSNumber+GKit.m */; };
		F8B6C0601726C54000214182 /* NSObject+GKit.m in Sources */ = {isa = PBXBuildFile; fileRef = F8B6C0111726C54000214182 /* NSObject+GKit.m */; };
		F8B6C0611726C54000214182 /* NSString+GKit.m in Sources */ = {isa = PBXBuildFile; fileRef = F8B6C0131726C54000214182 /* NSString+GKit.m */; };
		F8B6C0621726C54000214182 /* NSUserDefaults+GKit.m in Sources */ = {isa = PBXBuildFile; fileRef = F8B6C0151726C54000214182 /* NSUserDefaults+GKit.m */; };
		F8B6C0631726C54000214182 /* UIApplication+GKit.m in Sources */ = {isa = PBXBuildFile; fileRef = F8B6C0171726C54000214182 /* UIApplication+GKit.m */; };
		F8B6C0641726C54000214182 /* UIColor+GKit.m in Sources */ = {isa = PBXBuildFile; fileRef = F8B6C0191726C54000214182 /* UIColor+GKit.m */; };
		F8B6C0651726C54000214182 /* UIDevice+GKit.m in Sources */ = {isa = PBXBuildFile; fileRef = F8B6C01B1726C54000214182 /* UIDevice+GKit.m */; };
		F8B6C0661726C54000214182 /* UILabel+GKit.m in Sources */ = {isa = PBXBuildFile; fileRef = F8B6C01D1726C54000214182 /* UILabel+GKit.m */; };
		F8B6C0671726C54000214182 /* UIScrollView+GKit.m in Sources */ = {isa = PBXBuildFile; fileRef = F8B6C01F1726C54000214182 /* UIScrollView+GKit.m */; };
		F8B6C0681726C54000214182 /* UIView+GKit.m in Sources */ = {isa = PBXBuildFile; fileRef = F8B6C0211726C54000214182 /* UIView+GKit.m */; };
		F8B6C0691726C54000214182 /* GCoreData.m in Sources */ = {isa = PBXBuildFile; fileRef = F8B6C0241726C54000214182 /* GCoreData.m */; };
		F8B6C06A1726C54000214182 /* NSArray+GCoreData.m in Sources */ = {isa = PBXBuildFile; fileRef = F8B6C0261726C54000214182 /* NSArray+GCoreData.m */; };
		F8B6C06B1726C54000214182 /* NSFetchedResultsController+GCoreData.m in Sources */ = {isa = PBXBuildFile; fileRef = F8B6C0281726C54000214182 /* NSFetchedResultsController+GCoreData.m */; };
		F8B6C06C1726C54000214182 /* NSManagedObject+GCoreData.m in Sources */ = {isa = PBXBuildFile; fileRef = F8B6C02A1726C54000214182 /* NSManagedObject+GCoreData.m */; };
		F8B6C06D1726C54000214182 /* NSManagedObjectContext+GCoreData.m in Sources */ = {isa = PBXBuildFile; fileRef = F8B6C02C1726C54000214182 /* NSManagedObjectContext+GCoreData.m */; };
		F8B6C06E1726C54000214182 /* NSSet+GCoreData.m in Sources */ = {isa = PBXBuildFile; fileRef = F8B6C02E1726C54000214182 /* NSSet+GCoreData.m */; };
		F8B6C06F1726C54000214182 /* GImageManager.m in Sources */ = {isa = PBXBuildFile; fileRef = F8B6C0311726C54000214182 /* GImageManager.m */; };
		F8B6C0701726C54000214182 /* GLocationManager.m in Sources */ = {isa = PBXBuildFile; fileRef = F8B6C0341726C54000214182 /* GLocationManager.m */; };
		F8B6C0711726C54000214182 /* GMoveScene.m in Sources */ = {isa = PBXBuildFile; fileRef = F8B6C0381726C54000214182 /* GMoveScene.m */; };
		F8B6C0721726C54000214182 /* GMoveSnapshot.m in Sources */ = {isa = PBXBuildFile; fileRef = F8B6C03A1726C54000214182 /* GMoveSnapshot.m */; };
		F8B6C0731726C54000214182 /* UIView+GMove.m in Sources */ = {isa = PBXBuildFile; fileRef = F8B6C03E1726C54000214182 /* UIView+GMove.m */; };
		F8B6C0741726C54000214182 /* GAlertView.m in Sources */ = {isa = PBXBuildFile; fileRef = F8B6C0411726C54000214182 /* GAlertView.m */; };
		F8B6C0751726C54000214182 /* GBlockTableViewController.m in Sources */ = {isa = PBXBuildFile; fileRef = F8B6C0431726C54000214182 /* GBlockTableViewController.m */; };
		F8B6C0761726C54000214182 /* GEfficientTableViewController.m in Sources */ = {isa = PBXBuildFile; fileRef = F8B6C0451726C54000214182 /* GEfficientTableViewController.m */; };
		F8B6C0771726C54000214182 /* GNavigationViewController.m in Sources */ = {isa = PBXBuildFile; fileRef = F8B6C0471726C54000214182 /* GNavigationViewController.m */; };
		F8B6C0791726C54000214182 /* GSelectionViewController.m in Sources */ = {isa = PBXBuildFile; fileRef = F8B6C04B1726C54000214182 /* GSelectionViewController.m */; };
		F8B6C07A1726C54000214182 /* GTabBarController.m in Sources */ = {isa = PBXBuildFile; fileRef = F8B6C04D1726C54000214182 /* GTabBarController.m */; };
		F8B6C07B1726C54000214182 /* GTableViewController.m in Sources */ = {isa = PBXBuildFile; fileRef = F8B6C04F1726C54000214182 /* GTableViewController.m */; };
		F8B6C07C1726C54000214182 /* GViewController.m in Sources */ = {isa = PBXBuildFile; fileRef = F8B6C0511726C54000214182 /* GViewController.m */; };
		F8B6C07E1726C5E300214182 /* QuartzCore.framework in Frameworks */ = {isa = PBXBuildFile; fileRef = F8B6C07D1726C5E300214182 /* QuartzCore.framework */; };
		F8B6C0801726C7F000214182 /* CoreGraphics.framework in Frameworks */ = {isa = PBXBuildFile; fileRef = F8B6C07F1726C7ED00214182 /* CoreGraphics.framework */; };
		F8D1495E1742263B00F86E7C /* CameraViewController.m in Sources */ = {isa = PBXBuildFile; fileRef = F8D1495D1742263B00F86E7C /* CameraViewController.m */; };
		FD07BDD51727605100D8E26A /* GPoint.m in Sources */ = {isa = PBXBuildFile; fileRef = FD07BDD41727605100D8E26A /* GPoint.m */; };
		FD07BDD8172761DF00D8E26A /* GSlider.m in Sources */ = {isa = PBXBuildFile; fileRef = FD07BDD7172761DF00D8E26A /* GSlider.m */; };
		FD0BC5DB17043C61000CC973 /* AssetsLibrary.framework in Frameworks */ = {isa = PBXBuildFile; fileRef = FD0BC5DA17043C60000CC973 /* AssetsLibrary.framework */; };
		FD0BC5E517044A54000CC973 /* CoreLocation.framework in Frameworks */ = {isa = PBXBuildFile; fileRef = FD0BC5E417044A54000CC973 /* CoreLocation.framework */; };
		FD47A80A16F83D4200CEA15A /* Localizable.strings in Resources */ = {isa = PBXBuildFile; fileRef = FD47A80916F83D4200CEA15A /* Localizable.strings */; };
		FDA02EE1173FB09400AA3D8D /* max_track@2x.png in Resources */ = {isa = PBXBuildFile; fileRef = FDA02EDE173FB09400AA3D8D /* max_track@2x.png */; };
		FDA02EE2173FB09400AA3D8D /* min_track@2x.png in Resources */ = {isa = PBXBuildFile; fileRef = FDA02EDF173FB09400AA3D8D /* min_track@2x.png */; };
		FDA02EE3173FB09400AA3D8D /* thumb@2x.png in Resources */ = {isa = PBXBuildFile; fileRef = FDA02EE0173FB09400AA3D8D /* thumb@2x.png */; };
		FDF1EF7C16F1BD6400FCDC64 /* AVFoundation.framework in Frameworks */ = {isa = PBXBuildFile; fileRef = FDF1EF7B16F1BD6400FCDC64 /* AVFoundation.framework */; };
		FDF1EF7E16F1BD6900FCDC64 /* AudioToolbox.framework in Frameworks */ = {isa = PBXBuildFile; fileRef = FDF1EF7D16F1BD6900FCDC64 /* AudioToolbox.framework */; };
		FDF566E8172E1A8C00B79E81 /* back_item_backgournd@2x.png in Resources */ = {isa = PBXBuildFile; fileRef = FDF566E7172E1A8C00B79E81 /* back_item_backgournd@2x.png */; };
/* End PBXBuildFile section */

/* Begin PBXContainerItemProxy section */
		F8862C6616CA6A36006EB467 /* PBXContainerItemProxy */ = {
			isa = PBXContainerItemProxy;
			containerPortal = F8862C3916CA6A35006EB467 /* Project object */;
			proxyType = 1;
			remoteGlobalIDString = F8862C4016CA6A35006EB467;
			remoteInfo = GKitDemo;
		};
/* End PBXContainerItemProxy section */

/* Begin PBXFileReference section */
		F80B212C173AD1AC00DDA0D6 /* AudioViewController.h */ = {isa = PBXFileReference; fileEncoding = 4; lastKnownFileType = sourcecode.c.h; path = AudioViewController.h; sourceTree = "<group>"; };
		F80B212D173AD1AC00DDA0D6 /* AudioViewController.m */ = {isa = PBXFileReference; fileEncoding = 4; lastKnownFileType = sourcecode.c.objc; path = AudioViewController.m; sourceTree = "<group>"; };
		F80B473E172831AE00F4FBEB /* GMoveSnapshot+GCalendar.h */ = {isa = PBXFileReference; fileEncoding = 4; lastKnownFileType = sourcecode.c.h; path = "GMoveSnapshot+GCalendar.h"; sourceTree = "<group>"; };
		F80B473F172831AF00F4FBEB /* GMoveSnapshot+GCalendar.m */ = {isa = PBXFileReference; fileEncoding = 4; lastKnownFileType = sourcecode.c.objc; path = "GMoveSnapshot+GCalendar.m"; sourceTree = "<group>"; };
		F82369C01727D46500868E8B /* CalendarViewController.h */ = {isa = PBXFileReference; fileEncoding = 4; lastKnownFileType = sourcecode.c.h; path = CalendarViewController.h; sourceTree = "<group>"; };
		F82369C11727D46500868E8B /* CalendarViewController.m */ = {isa = PBXFileReference; fileEncoding = 4; lastKnownFileType = sourcecode.c.objc; path = CalendarViewController.m; sourceTree = "<group>"; };
		F8263B23172A9D3900075959 /* PresentViewController.h */ = {isa = PBXFileReference; fileEncoding = 4; lastKnownFileType = sourcecode.c.h; path = PresentViewController.h; sourceTree = "<group>"; };
		F8263B24172A9D3900075959 /* PresentViewController.m */ = {isa = PBXFileReference; fileEncoding = 4; lastKnownFileType = sourcecode.c.objc; path = PresentViewController.m; sourceTree = "<group>"; };
		F86D68531737C1DF003EFE6C /* GTextField.h */ = {isa = PBXFileReference; fileEncoding = 4; lastKnownFileType = sourcecode.c.h; path = GTextField.h; sourceTree = "<group>"; };
		F86D68541737C1DF003EFE6C /* GTextField.m */ = {isa = PBXFileReference; fileEncoding = 4; lastKnownFileType = sourcecode.c.objc; path = GTextField.m; sourceTree = "<group>"; };
		F86D68561737CE03003EFE6C /* GScrollSlider.h */ = {isa = PBXFileReference; fileEncoding = 4; lastKnownFileType = sourcecode.c.h; path = GScrollSlider.h; sourceTree = "<group>"; };
		F86D68571737CE03003EFE6C /* GScrollSlider.m */ = {isa = PBXFileReference; fileEncoding = 4; lastKnownFileType = sourcecode.c.objc; path = GScrollSlider.m; sourceTree = "<group>"; };
		F8862C4116CA6A35006EB467 /* GKitDemo.app */ = {isa = PBXFileReference; explicitFileType = wrapper.application; includeInIndex = 0; path = GKitDemo.app; sourceTree = BUILT_PRODUCTS_DIR; };
		F8862C4416CA6A35006EB467 /* UIKit.framework */ = {isa = PBXFileReference; lastKnownFileType = wrapper.framework; name = UIKit.framework; path = System/Library/Frameworks/UIKit.framework; sourceTree = SDKROOT; };
		F8862C4616CA6A35006EB467 /* Foundation.framework */ = {isa = PBXFileReference; lastKnownFileType = wrapper.framework; name = Foundation.framework; path = System/Library/Frameworks/Foundation.framework; sourceTree = SDKROOT; };
		F8862C4C16CA6A35006EB467 /* GKitDemo-Info.plist */ = {isa = PBXFileReference; lastKnownFileType = text.plist.xml; path = "GKitDemo-Info.plist"; sourceTree = "<group>"; };
		F8862C4E16CA6A35006EB467 /* en */ = {isa = PBXFileReference; lastKnownFileType = text.plist.strings; name = en; path = en.lproj/InfoPlist.strings; sourceTree = "<group>"; };
		F8862C5016CA6A35006EB467 /* main.m */ = {isa = PBXFileReference; lastKnownFileType = sourcecode.c.objc; path = main.m; sourceTree = "<group>"; };
		F8862C5216CA6A35006EB467 /* GKitDemo-Prefix.pch */ = {isa = PBXFileReference; lastKnownFileType = sourcecode.c.h; path = "GKitDemo-Prefix.pch"; sourceTree = "<group>"; };
		F8862C6116CA6A36006EB467 /* GKitDemoTests.octest */ = {isa = PBXFileReference; explicitFileType = wrapper.cfbundle; includeInIndex = 0; path = GKitDemoTests.octest; sourceTree = BUILT_PRODUCTS_DIR; };
		F8862C6216CA6A36006EB467 /* SenTestingKit.framework */ = {isa = PBXFileReference; lastKnownFileType = wrapper.framework; name = SenTestingKit.framework; path = Library/Frameworks/SenTestingKit.framework; sourceTree = DEVELOPER_DIR; };
		F8862C6A16CA6A36006EB467 /* GKitDemoTests-Info.plist */ = {isa = PBXFileReference; lastKnownFileType = text.plist.xml; path = "GKitDemoTests-Info.plist"; sourceTree = "<group>"; };
		F8862C6C16CA6A36006EB467 /* en */ = {isa = PBXFileReference; lastKnownFileType = text.plist.strings; name = en; path = en.lproj/InfoPlist.strings; sourceTree = "<group>"; };
		F8862C6E16CA6A36006EB467 /* GKitDemoTests.h */ = {isa = PBXFileReference; lastKnownFileType = sourcecode.c.h; path = GKitDemoTests.h; sourceTree = "<group>"; };
		F8862C6F16CA6A36006EB467 /* GKitDemoTests.m */ = {isa = PBXFileReference; lastKnownFileType = sourcecode.c.objc; path = GKitDemoTests.m; sourceTree = "<group>"; };
		F8862CBC16CA74AF006EB467 /* CoreData.framework */ = {isa = PBXFileReference; lastKnownFileType = wrapper.framework; name = CoreData.framework; path = System/Library/Frameworks/CoreData.framework; sourceTree = SDKROOT; };
		F88F7A67171803F1003F9238 /* GKit.podspec */ = {isa = PBXFileReference; fileEncoding = 4; lastKnownFileType = text; name = GKit.podspec; path = ../../GKit.podspec; sourceTree = "<group>"; };
		F88F7A68171803F1003F9238 /* LICENSE */ = {isa = PBXFileReference; fileEncoding = 4; lastKnownFileType = text; name = LICENSE; path = ../../LICENSE; sourceTree = "<group>"; };
		F88F7A69171803F1003F9238 /* README.md */ = {isa = PBXFileReference; fileEncoding = 4; lastKnownFileType = text; name = README.md; path = ../../README.md; sourceTree = "<group>"; };
		F8B6BFC0172671D100214182 /* CenterTabBarItemImage.png */ = {isa = PBXFileReference; lastKnownFileType = image.png; path = CenterTabBarItemImage.png; sourceTree = "<group>"; };
		F8B6BFC1172671D100214182 /* CenterTabBarItemImage@2x.png */ = {isa = PBXFileReference; lastKnownFileType = image.png; path = "CenterTabBarItemImage@2x.png"; sourceTree = "<group>"; };
		F8B6BFC2172671D100214182 /* Default-568h@2x.png */ = {isa = PBXFileReference; lastKnownFileType = image.png; path = "Default-568h@2x.png"; sourceTree = "<group>"; };
		F8B6BFC3172671D100214182 /* Default.png */ = {isa = PBXFileReference; lastKnownFileType = image.png; path = Default.png; sourceTree = "<group>"; };
		F8B6BFC4172671D100214182 /* Default@2x.png */ = {isa = PBXFileReference; lastKnownFileType = image.png; path = "Default@2x.png"; sourceTree = "<group>"; };
		F8B6BFC5172671D100214182 /* UIImage.png */ = {isa = PBXFileReference; lastKnownFileType = image.png; path = UIImage.png; sourceTree = "<group>"; };
		F8B6BFC6172671D100214182 /* UIImage@2x.png */ = {isa = PBXFileReference; lastKnownFileType = image.png; path = "UIImage@2x.png"; sourceTree = "<group>"; };
		F8B6BFCF172671DB00214182 /* AppDelegate.h */ = {isa = PBXFileReference; fileEncoding = 4; lastKnownFileType = sourcecode.c.h; path = AppDelegate.h; sourceTree = "<group>"; };
		F8B6BFD0172671DB00214182 /* AppDelegate.m */ = {isa = PBXFileReference; fileEncoding = 4; lastKnownFileType = sourcecode.c.objc; path = AppDelegate.m; sourceTree = "<group>"; };
		F8B6BFD1172671DB00214182 /* CustomUIViewController.h */ = {isa = PBXFileReference; fileEncoding = 4; lastKnownFileType = sourcecode.c.h; path = CustomUIViewController.h; sourceTree = "<group>"; };
		F8B6BFD2172671DB00214182 /* CustomUIViewController.m */ = {isa = PBXFileReference; fileEncoding = 4; lastKnownFileType = sourcecode.c.objc; path = CustomUIViewController.m; sourceTree = "<group>"; };
		F8B6BFD3172671DB00214182 /* DemosViewController.h */ = {isa = PBXFileReference; fileEncoding = 4; lastKnownFileType = sourcecode.c.h; path = DemosViewController.h; sourceTree = "<group>"; };
		F8B6BFD4172671DB00214182 /* DemosViewController.m */ = {isa = PBXFileReference; fileEncoding = 4; lastKnownFileType = sourcecode.c.objc; path = DemosViewController.m; sourceTree = "<group>"; };
		F8B6BFEE1726C54000214182 /* GAudio.h */ = {isa = PBXFileReference; fileEncoding = 4; lastKnownFileType = sourcecode.c.h; path = GAudio.h; sourceTree = "<group>"; };
		F8B6BFEF1726C54000214182 /* GAudio.m */ = {isa = PBXFileReference; fileEncoding = 4; lastKnownFileType = sourcecode.c.objc; path = GAudio.m; sourceTree = "<group>"; };
		F8B6BFF11726C54000214182 /* GCalendar.h */ = {isa = PBXFileReference; fileEncoding = 4; lastKnownFileType = sourcecode.c.h; path = GCalendar.h; sourceTree = "<group>"; };
		F8B6BFF21726C54000214182 /* GDayView.h */ = {isa = PBXFileReference; fileEncoding = 4; lastKnownFileType = sourcecode.c.h; path = GDayView.h; sourceTree = "<group>"; };
		F8B6BFF31726C54000214182 /* GDayView.m */ = {isa = PBXFileReference; fileEncoding = 4; lastKnownFileType = sourcecode.c.objc; path = GDayView.m; sourceTree = "<group>"; };
		F8B6BFF41726C54000214182 /* GEvent.h */ = {isa = PBXFileReference; fileEncoding = 4; lastKnownFileType = sourcecode.c.h; path = GEvent.h; sourceTree = "<group>"; };
		F8B6BFF51726C54000214182 /* GEvent.m */ = {isa = PBXFileReference; fileEncoding = 4; lastKnownFileType = sourcecode.c.objc; path = GEvent.m; sourceTree = "<group>"; };
		F8B6BFF61726C54000214182 /* GEventView.h */ = {isa = PBXFileReference; fileEncoding = 4; lastKnownFileType = sourcecode.c.h; path = GEventView.h; sourceTree = "<group>"; };
		F8B6BFF71726C54000214182 /* GEventView.m */ = {isa = PBXFileReference; fileEncoding = 4; lastKnownFileType = sourcecode.c.objc; path = GEventView.m; sourceTree = "<group>"; };
		F8B6BFF81726C54000214182 /* GMonthView.h */ = {isa = PBXFileReference; fileEncoding = 4; lastKnownFileType = sourcecode.c.h; path = GMonthView.h; sourceTree = "<group>"; };
		F8B6BFF91726C54000214182 /* GMonthView.m */ = {isa = PBXFileReference; fileEncoding = 4; lastKnownFileType = sourcecode.c.objc; path = GMonthView.m; sourceTree = "<group>"; };
		F8B6BFFA1726C54000214182 /* GWeekView.h */ = {isa = PBXFileReference; fileEncoding = 4; lastKnownFileType = sourcecode.c.h; path = GWeekView.h; sourceTree = "<group>"; };
		F8B6BFFB1726C54000214182 /* GWeekView.m */ = {isa = PBXFileReference; fileEncoding = 4; lastKnownFileType = sourcecode.c.objc; path = GWeekView.m; sourceTree = "<group>"; };
		F8B6BFFD1726C54000214182 /* GCamera.h */ = {isa = PBXFileReference; fileEncoding = 4; lastKnownFileType = sourcecode.c.h; path = GCamera.h; sourceTree = "<group>"; };
		F8B6BFFE1726C54000214182 /* GCamera.m */ = {isa = PBXFileReference; fileEncoding = 4; lastKnownFileType = sourcecode.c.objc; path = GCamera.m; sourceTree = "<group>"; };
		F8B6C0001726C54000214182 /* GCore.h */ = {isa = PBXFileReference; fileEncoding = 4; lastKnownFileType = sourcecode.c.h; path = GCore.h; sourceTree = "<group>"; };
		F8B6C0011726C54000214182 /* GMacros.h */ = {isa = PBXFileReference; fileEncoding = 4; lastKnownFileType = sourcecode.c.h; path = GMacros.h; sourceTree = "<group>"; };
		F8B6C0021726C54000214182 /* GMath.h */ = {isa = PBXFileReference; fileEncoding = 4; lastKnownFileType = sourcecode.c.h; path = GMath.h; sourceTree = "<group>"; };
		F8B6C0031726C54000214182 /* GMath.m */ = {isa = PBXFileReference; fileEncoding = 4; lastKnownFileType = sourcecode.c.objc; path = GMath.m; sourceTree = "<group>"; };
		F8B6C0041726C54000214182 /* NSArray+GKit.h */ = {isa = PBXFileReference; fileEncoding = 4; lastKnownFileType = sourcecode.c.h; path = "NSArray+GKit.h"; sourceTree = "<group>"; };
		F8B6C0051726C54000214182 /* NSArray+GKit.m */ = {isa = PBXFileReference; fileEncoding = 4; lastKnownFileType = sourcecode.c.objc; path = "NSArray+GKit.m"; sourceTree = "<group>"; };
		F8B6C0061726C54000214182 /* NSData+GKit.h */ = {isa = PBXFileReference; fileEncoding = 4; lastKnownFileType = sourcecode.c.h; path = "NSData+GKit.h"; sourceTree = "<group>"; };
		F8B6C0071726C54000214182 /* NSData+GKit.m */ = {isa = PBXFileReference; fileEncoding = 4; lastKnownFileType = sourcecode.c.objc; path = "NSData+GKit.m"; sourceTree = "<group>"; };
		F8B6C0081726C54000214182 /* NSDate+GKit.h */ = {isa = PBXFileReference; fileEncoding = 4; lastKnownFileType = sourcecode.c.h; path = "NSDate+GKit.h"; sourceTree = "<group>"; };
		F8B6C0091726C54000214182 /* NSDate+GKit.m */ = {isa = PBXFileReference; fileEncoding = 4; lastKnownFileType = sourcecode.c.objc; path = "NSDate+GKit.m"; sourceTree = "<group>"; };
		F8B6C00A1726C54000214182 /* NSFileManager+GKit.h */ = {isa = PBXFileReference; fileEncoding = 4; lastKnownFileType = sourcecode.c.h; path = "NSFileManager+GKit.h"; sourceTree = "<group>"; };
		F8B6C00B1726C54000214182 /* NSFileManager+GKit.m */ = {isa = PBXFileReference; fileEncoding = 4; lastKnownFileType = sourcecode.c.objc; path = "NSFileManager+GKit.m"; sourceTree = "<group>"; };
		F8B6C00C1726C54000214182 /* NSMutableArray+GKit.h */ = {isa = PBXFileReference; fileEncoding = 4; lastKnownFileType = sourcecode.c.h; path = "NSMutableArray+GKit.h"; sourceTree = "<group>"; };
		F8B6C00D1726C54000214182 /* NSMutableArray+GKit.m */ = {isa = PBXFileReference; fileEncoding = 4; lastKnownFileType = sourcecode.c.objc; path = "NSMutableArray+GKit.m"; sourceTree = "<group>"; };
		F8B6C00E1726C54000214182 /* NSNumber+GKit.h */ = {isa = PBXFileReference; fileEncoding = 4; lastKnownFileType = sourcecode.c.h; path = "NSNumber+GKit.h"; sourceTree = "<group>"; };
		F8B6C00F1726C54000214182 /* NSNumber+GKit.m */ = {isa = PBXFileReference; fileEncoding = 4; lastKnownFileType = sourcecode.c.objc; path = "NSNumber+GKit.m"; sourceTree = "<group>"; };
		F8B6C0101726C54000214182 /* NSObject+GKit.h */ = {isa = PBXFileReference; fileEncoding = 4; lastKnownFileType = sourcecode.c.h; path = "NSObject+GKit.h"; sourceTree = "<group>"; };
		F8B6C0111726C54000214182 /* NSObject+GKit.m */ = {isa = PBXFileReference; fileEncoding = 4; lastKnownFileType = sourcecode.c.objc; path = "NSObject+GKit.m"; sourceTree = "<group>"; };
		F8B6C0121726C54000214182 /* NSString+GKit.h */ = {isa = PBXFileReference; fileEncoding = 4; lastKnownFileType = sourcecode.c.h; path = "NSString+GKit.h"; sourceTree = "<group>"; };
		F8B6C0131726C54000214182 /* NSString+GKit.m */ = {isa = PBXFileReference; fileEncoding = 4; lastKnownFileType = sourcecode.c.objc; path = "NSString+GKit.m"; sourceTree = "<group>"; };
		F8B6C0141726C54000214182 /* NSUserDefaults+GKit.h */ = {isa = PBXFileReference; fileEncoding = 4; lastKnownFileType = sourcecode.c.h; path = "NSUserDefaults+GKit.h"; sourceTree = "<group>"; };
		F8B6C0151726C54000214182 /* NSUserDefaults+GKit.m */ = {isa = PBXFileReference; fileEncoding = 4; lastKnownFileType = sourcecode.c.objc; path = "NSUserDefaults+GKit.m"; sourceTree = "<group>"; };
		F8B6C0161726C54000214182 /* UIApplication+GKit.h */ = {isa = PBXFileReference; fileEncoding = 4; lastKnownFileType = sourcecode.c.h; path = "UIApplication+GKit.h"; sourceTree = "<group>"; };
		F8B6C0171726C54000214182 /* UIApplication+GKit.m */ = {isa = PBXFileReference; fileEncoding = 4; lastKnownFileType = sourcecode.c.objc; path = "UIApplication+GKit.m"; sourceTree = "<group>"; };
		F8B6C0181726C54000214182 /* UIColor+GKit.h */ = {isa = PBXFileReference; fileEncoding = 4; lastKnownFileType = sourcecode.c.h; path = "UIColor+GKit.h"; sourceTree = "<group>"; };
		F8B6C0191726C54000214182 /* UIColor+GKit.m */ = {isa = PBXFileReference; fileEncoding = 4; lastKnownFileType = sourcecode.c.objc; path = "UIColor+GKit.m"; sourceTree = "<group>"; };
		F8B6C01A1726C54000214182 /* UIDevice+GKit.h */ = {isa = PBXFileReference; fileEncoding = 4; lastKnownFileType = sourcecode.c.h; path = "UIDevice+GKit.h"; sourceTree = "<group>"; };
		F8B6C01B1726C54000214182 /* UIDevice+GKit.m */ = {isa = PBXFileReference; fileEncoding = 4; lastKnownFileType = sourcecode.c.objc; path = "UIDevice+GKit.m"; sourceTree = "<group>"; };
		F8B6C01C1726C54000214182 /* UILabel+GKit.h */ = {isa = PBXFileReference; fileEncoding = 4; lastKnownFileType = sourcecode.c.h; path = "UILabel+GKit.h"; sourceTree = "<group>"; };
		F8B6C01D1726C54000214182 /* UILabel+GKit.m */ = {isa = PBXFileReference; fileEncoding = 4; lastKnownFileType = sourcecode.c.objc; path = "UILabel+GKit.m"; sourceTree = "<group>"; };
		F8B6C01E1726C54000214182 /* UIScrollView+GKit.h */ = {isa = PBXFileReference; fileEncoding = 4; lastKnownFileType = sourcecode.c.h; path = "UIScrollView+GKit.h"; sourceTree = "<group>"; };
		F8B6C01F1726C54000214182 /* UIScrollView+GKit.m */ = {isa = PBXFileReference; fileEncoding = 4; lastKnownFileType = sourcecode.c.objc; path = "UIScrollView+GKit.m"; sourceTree = "<group>"; };
		F8B6C0201726C54000214182 /* UIView+GKit.h */ = {isa = PBXFileReference; fileEncoding = 4; lastKnownFileType = sourcecode.c.h; path = "UIView+GKit.h"; sourceTree = "<group>"; };
		F8B6C0211726C54000214182 /* UIView+GKit.m */ = {isa = PBXFileReference; fileEncoding = 4; lastKnownFileType = sourcecode.c.objc; path = "UIView+GKit.m"; sourceTree = "<group>"; };
		F8B6C0231726C54000214182 /* GCoreData.h */ = {isa = PBXFileReference; fileEncoding = 4; lastKnownFileType = sourcecode.c.h; path = GCoreData.h; sourceTree = "<group>"; };
		F8B6C0241726C54000214182 /* GCoreData.m */ = {isa = PBXFileReference; fileEncoding = 4; lastKnownFileType = sourcecode.c.objc; path = GCoreData.m; sourceTree = "<group>"; };
		F8B6C0251726C54000214182 /* NSArray+GCoreData.h */ = {isa = PBXFileReference; fileEncoding = 4; lastKnownFileType = sourcecode.c.h; path = "NSArray+GCoreData.h"; sourceTree = "<group>"; };
		F8B6C0261726C54000214182 /* NSArray+GCoreData.m */ = {isa = PBXFileReference; fileEncoding = 4; lastKnownFileType = sourcecode.c.objc; path = "NSArray+GCoreData.m"; sourceTree = "<group>"; };
		F8B6C0271726C54000214182 /* NSFetchedResultsController+GCoreData.h */ = {isa = PBXFileReference; fileEncoding = 4; lastKnownFileType = sourcecode.c.h; path = "NSFetchedResultsController+GCoreData.h"; sourceTree = "<group>"; };
		F8B6C0281726C54000214182 /* NSFetchedResultsController+GCoreData.m */ = {isa = PBXFileReference; fileEncoding = 4; lastKnownFileType = sourcecode.c.objc; path = "NSFetchedResultsController+GCoreData.m"; sourceTree = "<group>"; };
		F8B6C0291726C54000214182 /* NSManagedObject+GCoreData.h */ = {isa = PBXFileReference; fileEncoding = 4; lastKnownFileType = sourcecode.c.h; path = "NSManagedObject+GCoreData.h"; sourceTree = "<group>"; };
		F8B6C02A1726C54000214182 /* NSManagedObject+GCoreData.m */ = {isa = PBXFileReference; fileEncoding = 4; lastKnownFileType = sourcecode.c.objc; path = "NSManagedObject+GCoreData.m"; sourceTree = "<group>"; };
		F8B6C02B1726C54000214182 /* NSManagedObjectContext+GCoreData.h */ = {isa = PBXFileReference; fileEncoding = 4; lastKnownFileType = sourcecode.c.h; path = "NSManagedObjectContext+GCoreData.h"; sourceTree = "<group>"; };
		F8B6C02C1726C54000214182 /* NSManagedObjectContext+GCoreData.m */ = {isa = PBXFileReference; fileEncoding = 4; lastKnownFileType = sourcecode.c.objc; path = "NSManagedObjectContext+GCoreData.m"; sourceTree = "<group>"; };
		F8B6C02D1726C54000214182 /* NSSet+GCoreData.h */ = {isa = PBXFileReference; fileEncoding = 4; lastKnownFileType = sourcecode.c.h; path = "NSSet+GCoreData.h"; sourceTree = "<group>"; };
		F8B6C02E1726C54000214182 /* NSSet+GCoreData.m */ = {isa = PBXFileReference; fileEncoding = 4; lastKnownFileType = sourcecode.c.objc; path = "NSSet+GCoreData.m"; sourceTree = "<group>"; };
		F8B6C0301726C54000214182 /* GImageManager.h */ = {isa = PBXFileReference; fileEncoding = 4; lastKnownFileType = sourcecode.c.h; path = GImageManager.h; sourceTree = "<group>"; };
		F8B6C0311726C54000214182 /* GImageManager.m */ = {isa = PBXFileReference; fileEncoding = 4; lastKnownFileType = sourcecode.c.objc; path = GImageManager.m; sourceTree = "<group>"; };
		F8B6C0331726C54000214182 /* GLocationManager.h */ = {isa = PBXFileReference; fileEncoding = 4; lastKnownFileType = sourcecode.c.h; path = GLocationManager.h; sourceTree = "<group>"; };
		F8B6C0341726C54000214182 /* GLocationManager.m */ = {isa = PBXFileReference; fileEncoding = 4; lastKnownFileType = sourcecode.c.objc; path = GLocationManager.m; sourceTree = "<group>"; };
		F8B6C0361726C54000214182 /* GMove.h */ = {isa = PBXFileReference; fileEncoding = 4; lastKnownFileType = sourcecode.c.h; path = GMove.h; sourceTree = "<group>"; };
		F8B6C0371726C54000214182 /* GMoveScene.h */ = {isa = PBXFileReference; fileEncoding = 4; lastKnownFileType = sourcecode.c.h; path = GMoveScene.h; sourceTree = "<group>"; };
		F8B6C0381726C54000214182 /* GMoveScene.m */ = {isa = PBXFileReference; fileEncoding = 4; lastKnownFileType = sourcecode.c.objc; path = GMoveScene.m; sourceTree = "<group>"; };
		F8B6C0391726C54000214182 /* GMoveSnapshot.h */ = {isa = PBXFileReference; fileEncoding = 4; lastKnownFileType = sourcecode.c.h; path = GMoveSnapshot.h; sourceTree = "<group>"; };
		F8B6C03A1726C54000214182 /* GMoveSnapshot.m */ = {isa = PBXFileReference; fileEncoding = 4; lastKnownFileType = sourcecode.c.objc; path = GMoveSnapshot.m; sourceTree = "<group>"; };
		F8B6C03B1726C54000214182 /* GMoveSpriteCatcherProtocol.h */ = {isa = PBXFileReference; fileEncoding = 4; lastKnownFileType = sourcecode.c.h; path = GMoveSpriteCatcherProtocol.h; sourceTree = "<group>"; };
		F8B6C03C1726C54000214182 /* GMoveSpriteProtocol.h */ = {isa = PBXFileReference; fileEncoding = 4; lastKnownFileType = sourcecode.c.h; path = GMoveSpriteProtocol.h; sourceTree = "<group>"; };
		F8B6C03D1726C54000214182 /* UIView+GMove.h */ = {isa = PBXFileReference; fileEncoding = 4; lastKnownFileType = sourcecode.c.h; path = "UIView+GMove.h"; sourceTree = "<group>"; };
		F8B6C03E1726C54000214182 /* UIView+GMove.m */ = {isa = PBXFileReference; fileEncoding = 4; lastKnownFileType = sourcecode.c.objc; path = "UIView+GMove.m"; sourceTree = "<group>"; };
		F8B6C0401726C54000214182 /* GAlertView.h */ = {isa = PBXFileReference; fileEncoding = 4; lastKnownFileType = sourcecode.c.h; path = GAlertView.h; sourceTree = "<group>"; };
		F8B6C0411726C54000214182 /* GAlertView.m */ = {isa = PBXFileReference; fileEncoding = 4; lastKnownFileType = sourcecode.c.objc; path = GAlertView.m; sourceTree = "<group>"; };
		F8B6C0421726C54000214182 /* GBlockTableViewController.h */ = {isa = PBXFileReference; fileEncoding = 4; lastKnownFileType = sourcecode.c.h; path = GBlockTableViewController.h; sourceTree = "<group>"; };
		F8B6C0431726C54000214182 /* GBlockTableViewController.m */ = {isa = PBXFileReference; fileEncoding = 4; lastKnownFileType = sourcecode.c.objc; path = GBlockTableViewController.m; sourceTree = "<group>"; };
		F8B6C0441726C54000214182 /* GEfficientTableViewController.h */ = {isa = PBXFileReference; fileEncoding = 4; lastKnownFileType = sourcecode.c.h; path = GEfficientTableViewController.h; sourceTree = "<group>"; };
		F8B6C0451726C54000214182 /* GEfficientTableViewController.m */ = {isa = PBXFileReference; fileEncoding = 4; lastKnownFileType = sourcecode.c.objc; path = GEfficientTableViewController.m; sourceTree = "<group>"; };
		F8B6C0461726C54000214182 /* GNavigationViewController.h */ = {isa = PBXFileReference; fileEncoding = 4; lastKnownFileType = sourcecode.c.h; path = GNavigationViewController.h; sourceTree = "<group>"; };
		F8B6C0471726C54000214182 /* GNavigationViewController.m */ = {isa = PBXFileReference; fileEncoding = 4; lastKnownFileType = sourcecode.c.objc; path = GNavigationViewController.m; sourceTree = "<group>"; };
		F8B6C04A1726C54000214182 /* GSelectionViewController.h */ = {isa = PBXFileReference; fileEncoding = 4; lastKnownFileType = sourcecode.c.h; path = GSelectionViewController.h; sourceTree = "<group>"; };
		F8B6C04B1726C54000214182 /* GSelectionViewController.m */ = {isa = PBXFileReference; fileEncoding = 4; lastKnownFileType = sourcecode.c.objc; path = GSelectionViewController.m; sourceTree = "<group>"; };
		F8B6C04C1726C54000214182 /* GTabBarController.h */ = {isa = PBXFileReference; fileEncoding = 4; lastKnownFileType = sourcecode.c.h; path = GTabBarController.h; sourceTree = "<group>"; };
		F8B6C04D1726C54000214182 /* GTabBarController.m */ = {isa = PBXFileReference; fileEncoding = 4; lastKnownFileType = sourcecode.c.objc; path = GTabBarController.m; sourceTree = "<group>"; };
		F8B6C04E1726C54000214182 /* GTableViewController.h */ = {isa = PBXFileReference; fileEncoding = 4; lastKnownFileType = sourcecode.c.h; path = GTableViewController.h; sourceTree = "<group>"; };
		F8B6C04F1726C54000214182 /* GTableViewController.m */ = {isa = PBXFileReference; fileEncoding = 4; lastKnownFileType = sourcecode.c.objc; path = GTableViewController.m; sourceTree = "<group>"; };
		F8B6C0501726C54000214182 /* GViewController.h */ = {isa = PBXFileReference; fileEncoding = 4; lastKnownFileType = sourcecode.c.h; path = GViewController.h; sourceTree = "<group>"; };
		F8B6C0511726C54000214182 /* GViewController.m */ = {isa = PBXFileReference; fileEncoding = 4; lastKnownFileType = sourcecode.c.objc; path = GViewController.m; sourceTree = "<group>"; };
		F8B6C07D1726C5E300214182 /* QuartzCore.framework */ = {isa = PBXFileReference; lastKnownFileType = wrapper.framework; name = QuartzCore.framework; path = System/Library/Frameworks/QuartzCore.framework; sourceTree = SDKROOT; };
		F8B6C07F1726C7ED00214182 /* CoreGraphics.framework */ = {isa = PBXFileReference; lastKnownFileType = wrapper.framework; name = CoreGraphics.framework; path = System/Library/Frameworks/CoreGraphics.framework; sourceTree = SDKROOT; };
		F8D1495C1742263B00F86E7C /* CameraViewController.h */ = {isa = PBXFileReference; fileEncoding = 4; lastKnownFileType = sourcecode.c.h; path = CameraViewController.h; sourceTree = "<group>"; };
		F8D1495D1742263B00F86E7C /* CameraViewController.m */ = {isa = PBXFileReference; fileEncoding = 4; lastKnownFileType = sourcecode.c.objc; path = CameraViewController.m; sourceTree = "<group>"; };
		FD07BDD31727605100D8E26A /* GPoint.h */ = {isa = PBXFileReference; fileEncoding = 4; lastKnownFileType = sourcecode.c.h; path = GPoint.h; sourceTree = "<group>"; };
		FD07BDD41727605100D8E26A /* GPoint.m */ = {isa = PBXFileReference; fileEncoding = 4; lastKnownFileType = sourcecode.c.objc; path = GPoint.m; sourceTree = "<group>"; };
		FD07BDD6172761DF00D8E26A /* GSlider.h */ = {isa = PBXFileReference; fileEncoding = 4; lastKnownFileType = sourcecode.c.h; path = GSlider.h; sourceTree = "<group>"; };
		FD07BDD7172761DF00D8E26A /* GSlider.m */ = {isa = PBXFileReference; fileEncoding = 4; lastKnownFileType = sourcecode.c.objc; path = GSlider.m; sourceTree = "<group>"; };
		FD0BC5DA17043C60000CC973 /* AssetsLibrary.framework */ = {isa = PBXFileReference; lastKnownFileType = wrapper.framework; name = AssetsLibrary.framework; path = System/Library/Frameworks/AssetsLibrary.framework; sourceTree = SDKROOT; };
		FD0BC5E417044A54000CC973 /* CoreLocation.framework */ = {isa = PBXFileReference; lastKnownFileType = wrapper.framework; name = CoreLocation.framework; path = System/Library/Frameworks/CoreLocation.framework; sourceTree = SDKROOT; };
		FD47A80916F83D4200CEA15A /* Localizable.strings */ = {isa = PBXFileReference; fileEncoding = 4; lastKnownFileType = text.plist.strings; path = Localizable.strings; sourceTree = "<group>"; };
		FDA02EDE173FB09400AA3D8D /* max_track@2x.png */ = {isa = PBXFileReference; lastKnownFileType = image.png; path = "max_track@2x.png"; sourceTree = "<group>"; };
		FDA02EDF173FB09400AA3D8D /* min_track@2x.png */ = {isa = PBXFileReference; lastKnownFileType = image.png; path = "min_track@2x.png"; sourceTree = "<group>"; };
		FDA02EE0173FB09400AA3D8D /* thumb@2x.png */ = {isa = PBXFileReference; lastKnownFileType = image.png; path = "thumb@2x.png"; sourceTree = "<group>"; };
		FDF1EF7B16F1BD6400FCDC64 /* AVFoundation.framework */ = {isa = PBXFileReference; lastKnownFileType = wrapper.framework; name = AVFoundation.framework; path = System/Library/Frameworks/AVFoundation.framework; sourceTree = SDKROOT; };
		FDF1EF7D16F1BD6900FCDC64 /* AudioToolbox.framework */ = {isa = PBXFileReference; lastKnownFileType = wrapper.framework; name = AudioToolbox.framework; path = System/Library/Frameworks/AudioToolbox.framework; sourceTree = SDKROOT; };
		FDF566E7172E1A8C00B79E81 /* back_item_backgournd@2x.png */ = {isa = PBXFileReference; lastKnownFileType = image.png; path = "back_item_backgournd@2x.png"; sourceTree = "<group>"; };
/* End PBXFileReference section */

/* Begin PBXFrameworksBuildPhase section */
		F8862C3E16CA6A35006EB467 /* Frameworks */ = {
			isa = PBXFrameworksBuildPhase;
			buildActionMask = 2147483647;
			files = (
				F8B6C0801726C7F000214182 /* CoreGraphics.framework in Frameworks */,
				F8B6C07E1726C5E300214182 /* QuartzCore.framework in Frameworks */,
				FD0BC5E517044A54000CC973 /* CoreLocation.framework in Frameworks */,
				FD0BC5DB17043C61000CC973 /* AssetsLibrary.framework in Frameworks */,
				FDF1EF7E16F1BD6900FCDC64 /* AudioToolbox.framework in Frameworks */,
				FDF1EF7C16F1BD6400FCDC64 /* AVFoundation.framework in Frameworks */,
				F8862CBD16CA74AF006EB467 /* CoreData.framework in Frameworks */,
				F8862C4516CA6A35006EB467 /* UIKit.framework in Frameworks */,
				F8862C4716CA6A35006EB467 /* Foundation.framework in Frameworks */,
			);
			runOnlyForDeploymentPostprocessing = 0;
		};
		F8862C5D16CA6A36006EB467 /* Frameworks */ = {
			isa = PBXFrameworksBuildPhase;
			buildActionMask = 2147483647;
			files = (
				F8862C6316CA6A36006EB467 /* SenTestingKit.framework in Frameworks */,
				F8862C6416CA6A36006EB467 /* UIKit.framework in Frameworks */,
				F8862C6516CA6A36006EB467 /* Foundation.framework in Frameworks */,
			);
			runOnlyForDeploymentPostprocessing = 0;
		};
/* End PBXFrameworksBuildPhase section */

/* Begin PBXGroup section */
		F80B212B173AD19500DDA0D6 /* Audio */ = {
			isa = PBXGroup;
			children = (
				F80B212C173AD1AC00DDA0D6 /* AudioViewController.h */,
				F80B212D173AD1AC00DDA0D6 /* AudioViewController.m */,
			);
			name = Audio;
			sourceTree = "<group>";
		};
		F82369BF1727D41400868E8B /* Calendar */ = {
			isa = PBXGroup;
			children = (
				F82369C01727D46500868E8B /* CalendarViewController.h */,
				F82369C11727D46500868E8B /* CalendarViewController.m */,
			);
			name = Calendar;
			sourceTree = "<group>";
		};
		F8263B22172A9D2900075959 /* Present */ = {
			isa = PBXGroup;
			children = (
				F8263B23172A9D3900075959 /* PresentViewController.h */,
				F8263B24172A9D3900075959 /* PresentViewController.m */,
			);
			name = Present;
			sourceTree = "<group>";
		};
		F8862C3816CA6A35006EB467 = {
			isa = PBXGroup;
			children = (
				F88F7A67171803F1003F9238 /* GKit.podspec */,
				F88F7A68171803F1003F9238 /* LICENSE */,
				F88F7A69171803F1003F9238 /* README.md */,
				F8B6BFEC1726C53F00214182 /* GKit */,
				F8862C4A16CA6A35006EB467 /* GKitDemo */,
				F8862C6816CA6A36006EB467 /* GKitDemoTests */,
				F8862C4316CA6A35006EB467 /* Frameworks */,
				F8862C4216CA6A35006EB467 /* Products */,
			);
			sourceTree = "<group>";
		};
		F8862C4216CA6A35006EB467 /* Products */ = {
			isa = PBXGroup;
			children = (
				F8862C4116CA6A35006EB467 /* GKitDemo.app */,
				F8862C6116CA6A36006EB467 /* GKitDemoTests.octest */,
			);
			name = Products;
			sourceTree = "<group>";
		};
		F8862C4316CA6A35006EB467 /* Frameworks */ = {
			isa = PBXGroup;
			children = (
				F8862C4416CA6A35006EB467 /* UIKit.framework */,
				F8862C4616CA6A35006EB467 /* Foundation.framework */,
				F8862C6216CA6A36006EB467 /* SenTestingKit.framework */,
			);
			name = Frameworks;
			sourceTree = "<group>";
		};
		F8862C4A16CA6A35006EB467 /* GKitDemo */ = {
			isa = PBXGroup;
			children = (
				F8B6BFCE172671DB00214182 /* Classes */,
				F8862C4B16CA6A35006EB467 /* Supporting Files */,
			);
			path = GKitDemo;
			sourceTree = "<group>";
		};
		F8862C4B16CA6A35006EB467 /* Supporting Files */ = {
			isa = PBXGroup;
			children = (
				FDF566E7172E1A8C00B79E81 /* back_item_backgournd@2x.png */,
				F8B6BFBF172671D100214182 /* Images */,
				F8862C4C16CA6A35006EB467 /* GKitDemo-Info.plist */,
				F8862C4D16CA6A35006EB467 /* InfoPlist.strings */,
				F8862C5016CA6A35006EB467 /* main.m */,
				F8862C5216CA6A35006EB467 /* GKitDemo-Prefix.pch */,
				FD47A80916F83D4200CEA15A /* Localizable.strings */,
			);
			name = "Supporting Files";
			sourceTree = "<group>";
		};
		F8862C6816CA6A36006EB467 /* GKitDemoTests */ = {
			isa = PBXGroup;
			children = (
				F8862C6E16CA6A36006EB467 /* GKitDemoTests.h */,
				F8862C6F16CA6A36006EB467 /* GKitDemoTests.m */,
				F8862C6916CA6A36006EB467 /* Supporting Files */,
			);
			path = GKitDemoTests;
			sourceTree = "<group>";
		};
		F8862C6916CA6A36006EB467 /* Supporting Files */ = {
			isa = PBXGroup;
			children = (
				F8862C6A16CA6A36006EB467 /* GKitDemoTests-Info.plist */,
				F8862C6B16CA6A36006EB467 /* InfoPlist.strings */,
			);
			name = "Supporting Files";
			sourceTree = "<group>";
		};
		F8B6BFBF172671D100214182 /* Images */ = {
			isa = PBXGroup;
			children = (
				F8B6BFC0172671D100214182 /* CenterTabBarItemImage.png */,
				F8B6BFC1172671D100214182 /* CenterTabBarItemImage@2x.png */,
				F8B6BFC2172671D100214182 /* Default-568h@2x.png */,
				F8B6BFC3172671D100214182 /* Default.png */,
				F8B6BFC4172671D100214182 /* Default@2x.png */,
				F8B6BFC5172671D100214182 /* UIImage.png */,
				F8B6BFC6172671D100214182 /* UIImage@2x.png */,
			);
			path = Images;
			sourceTree = "<group>";
		};
		F8B6BFCE172671DB00214182 /* Classes */ = {
			isa = PBXGroup;
			children = (
				F8B6BFCF172671DB00214182 /* AppDelegate.h */,
				F8B6BFD0172671DB00214182 /* AppDelegate.m */,
				F8B6BFD3172671DB00214182 /* DemosViewController.h */,
				F8B6BFD4172671DB00214182 /* DemosViewController.m */,
				F8D1495B1742261700F86E7C /* Camera */,
				F80B212B173AD19500DDA0D6 /* Audio */,
				F8263B22172A9D2900075959 /* Present */,
				F82369BF1727D41400868E8B /* Calendar */,
				F8B6BFE5172671EF00214182 /* CustomUI */,
			);
			path = Classes;
			sourceTree = "<group>";
		};
		F8B6BFE5172671EF00214182 /* CustomUI */ = {
			isa = PBXGroup;
			children = (
				F8B6BFD1172671DB00214182 /* CustomUIViewController.h */,
				F8B6BFD2172671DB00214182 /* CustomUIViewController.m */,
				FDA02EDE173FB09400AA3D8D /* max_track@2x.png */,
				FDA02EDF173FB09400AA3D8D /* min_track@2x.png */,
				FDA02EE0173FB09400AA3D8D /* thumb@2x.png */,
			);
			name = CustomUI;
			sourceTree = "<group>";
		};
		F8B6BFEC1726C53F00214182 /* GKit */ = {
			isa = PBXGroup;
			children = (
				F8B6BFED1726C54000214182 /* Audio */,
				F8B6BFF01726C54000214182 /* Calendar */,
				F8B6BFFC1726C54000214182 /* Camera */,
				F8B6BFFF1726C54000214182 /* Core */,
				F8B6C0221726C54000214182 /* CoreData */,
				F8B6C02F1726C54000214182 /* ImageManager */,
				F8B6C0321726C54000214182 /* Location */,
				F8B6C0351726C54000214182 /* Move */,
				F8B6C03F1726C54000214182 /* UI */,
			);
			name = GKit;
			path = ../../GKit;
			sourceTree = "<group>";
		};
		F8B6BFED1726C54000214182 /* Audio */ = {
			isa = PBXGroup;
			children = (
				FDF1EF7D16F1BD6900FCDC64 /* AudioToolbox.framework */,
				FDF1EF7B16F1BD6400FCDC64 /* AVFoundation.framework */,
				F8B6BFEE1726C54000214182 /* GAudio.h */,
				F8B6BFEF1726C54000214182 /* GAudio.m */,
			);
			path = Audio;
			sourceTree = "<group>";
		};
		F8B6BFF01726C54000214182 /* Calendar */ = {
			isa = PBXGroup;
			children = (
				F8B6BFF11726C54000214182 /* GCalendar.h */,
				F8B6BFF21726C54000214182 /* GDayView.h */,
				F8B6BFF31726C54000214182 /* GDayView.m */,
				F8B6BFF41726C54000214182 /* GEvent.h */,
				F8B6BFF51726C54000214182 /* GEvent.m */,
				F8B6BFF61726C54000214182 /* GEventView.h */,
				F8B6BFF71726C54000214182 /* GEventView.m */,
				F8B6BFF81726C54000214182 /* GMonthView.h */,
				F8B6BFF91726C54000214182 /* GMonthView.m */,
				F8B6BFFA1726C54000214182 /* GWeekView.h */,
				F8B6BFFB1726C54000214182 /* GWeekView.m */,
				F80B473E172831AE00F4FBEB /* GMoveSnapshot+GCalendar.h */,
				F80B473F172831AF00F4FBEB /* GMoveSnapshot+GCalendar.m */,
			);
			path = Calendar;
			sourceTree = "<group>";
		};
		F8B6BFFC1726C54000214182 /* Camera */ = {
			isa = PBXGroup;
			children = (
				F8B6BFFD1726C54000214182 /* GCamera.h */,
				F8B6BFFE1726C54000214182 /* GCamera.m */,
			);
			path = Camera;
			sourceTree = "<group>";
		};
		F8B6BFFF1726C54000214182 /* Core */ = {
			isa = PBXGroup;
			children = (
				F8B6C07D1726C5E300214182 /* QuartzCore.framework */,
				F8B6C0001726C54000214182 /* GCore.h */,
				F8B6C0011726C54000214182 /* GMacros.h */,
				F8B6C0021726C54000214182 /* GMath.h */,
				F8B6C0031726C54000214182 /* GMath.m */,
				FD07BDD31727605100D8E26A /* GPoint.h */,
				FD07BDD41727605100D8E26A /* GPoint.m */,
				F8B6C0041726C54000214182 /* NSArray+GKit.h */,
				F8B6C0051726C54000214182 /* NSArray+GKit.m */,
				F8B6C0061726C54000214182 /* NSData+GKit.h */,
				F8B6C0071726C54000214182 /* NSData+GKit.m */,
				F8B6C0081726C54000214182 /* NSDate+GKit.h */,
				F8B6C0091726C54000214182 /* NSDate+GKit.m */,
				F8B6C00A1726C54000214182 /* NSFileManager+GKit.h */,
				F8B6C00B1726C54000214182 /* NSFileManager+GKit.m */,
				F8B6C00C1726C54000214182 /* NSMutableArray+GKit.h */,
				F8B6C00D1726C54000214182 /* NSMutableArray+GKit.m */,
				F8B6C00E1726C54000214182 /* NSNumber+GKit.h */,
				F8B6C00F1726C54000214182 /* NSNumber+GKit.m */,
				F8B6C0101726C54000214182 /* NSObject+GKit.h */,
				F8B6C0111726C54000214182 /* NSObject+GKit.m */,
				F8B6C0121726C54000214182 /* NSString+GKit.h */,
				F8B6C0131726C54000214182 /* NSString+GKit.m */,
				F8B6C0141726C54000214182 /* NSUserDefaults+GKit.h */,
				F8B6C0151726C54000214182 /* NSUserDefaults+GKit.m */,
				F8B6C0161726C54000214182 /* UIApplication+GKit.h */,
				F8B6C0171726C54000214182 /* UIApplication+GKit.m */,
				F8B6C0181726C54000214182 /* UIColor+GKit.h */,
				F8B6C0191726C54000214182 /* UIColor+GKit.m */,
				F8B6C01A1726C54000214182 /* UIDevice+GKit.h */,
				F8B6C01B1726C54000214182 /* UIDevice+GKit.m */,
				F8B6C01C1726C54000214182 /* UILabel+GKit.h */,
				F8B6C01D1726C54000214182 /* UILabel+GKit.m */,
				F8B6C01E1726C54000214182 /* UIScrollView+GKit.h */,
				F8B6C01F1726C54000214182 /* UIScrollView+GKit.m */,
				F8B6C0201726C54000214182 /* UIView+GKit.h */,
				F8B6C0211726C54000214182 /* UIView+GKit.m */,
			);
			path = Core;
			sourceTree = "<group>";
		};
		F8B6C0221726C54000214182 /* CoreData */ = {
			isa = PBXGroup;
			children = (
				F8862CBC16CA74AF006EB467 /* CoreData.framework */,
				F8B6C0231726C54000214182 /* GCoreData.h */,
				F8B6C0241726C54000214182 /* GCoreData.m */,
				F8B6C0251726C54000214182 /* NSArray+GCoreData.h */,
				F8B6C0261726C54000214182 /* NSArray+GCoreData.m */,
				F8B6C0271726C54000214182 /* NSFetchedResultsController+GCoreData.h */,
				F8B6C0281726C54000214182 /* NSFetchedResultsController+GCoreData.m */,
				F8B6C0291726C54000214182 /* NSManagedObject+GCoreData.h */,
				F8B6C02A1726C54000214182 /* NSManagedObject+GCoreData.m */,
				F8B6C02B1726C54000214182 /* NSManagedObjectContext+GCoreData.h */,
				F8B6C02C1726C54000214182 /* NSManagedObjectContext+GCoreData.m */,
				F8B6C02D1726C54000214182 /* NSSet+GCoreData.h */,
				F8B6C02E1726C54000214182 /* NSSet+GCoreData.m */,
			);
			path = CoreData;
			sourceTree = "<group>";
		};
		F8B6C02F1726C54000214182 /* ImageManager */ = {
			isa = PBXGroup;
			children = (
				FD0BC5DA17043C60000CC973 /* AssetsLibrary.framework */,
				F8B6C0301726C54000214182 /* GImageManager.h */,
				F8B6C0311726C54000214182 /* GImageManager.m */,
			);
			path = ImageManager;
			sourceTree = "<group>";
		};
		F8B6C0321726C54000214182 /* Location */ = {
			isa = PBXGroup;
			children = (
				FD0BC5E417044A54000CC973 /* CoreLocation.framework */,
				F8B6C0331726C54000214182 /* GLocationManager.h */,
				F8B6C0341726C54000214182 /* GLocationManager.m */,
			);
			path = Location;
			sourceTree = "<group>";
		};
		F8B6C0351726C54000214182 /* Move */ = {
			isa = PBXGroup;
			children = (
				F8B6C0361726C54000214182 /* GMove.h */,
				F8B6C0371726C54000214182 /* GMoveScene.h */,
				F8B6C0381726C54000214182 /* GMoveScene.m */,
				F8B6C0391726C54000214182 /* GMoveSnapshot.h */,
				F8B6C03A1726C54000214182 /* GMoveSnapshot.m */,
				F8B6C03B1726C54000214182 /* GMoveSpriteCatcherProtocol.h */,
				F8B6C03C1726C54000214182 /* GMoveSpriteProtocol.h */,
				F8B6C03D1726C54000214182 /* UIView+GMove.h */,
				F8B6C03E1726C54000214182 /* UIView+GMove.m */,
			);
			path = Move;
			sourceTree = "<group>";
		};
		F8B6C03F1726C54000214182 /* UI */ = {
			isa = PBXGroup;
			children = (
				F8B6C07F1726C7ED00214182 /* CoreGraphics.framework */,
				F8B6C0401726C54000214182 /* GAlertView.h */,
				F8B6C0411726C54000214182 /* GAlertView.m */,
				F86D68561737CE03003EFE6C /* GScrollSlider.h */,
				F86D68571737CE03003EFE6C /* GScrollSlider.m */,
				FD07BDD6172761DF00D8E26A /* GSlider.h */,
				FD07BDD7172761DF00D8E26A /* GSlider.m */,
				F86D68531737C1DF003EFE6C /* GTextField.h */,
				F86D68541737C1DF003EFE6C /* GTextField.m */,
				F8B6C0421726C54000214182 /* GBlockTableViewController.h */,
				F8B6C0431726C54000214182 /* GBlockTableViewController.m */,
				F8B6C0441726C54000214182 /* GEfficientTableViewController.h */,
				F8B6C0451726C54000214182 /* GEfficientTableViewController.m */,
				F8B6C0461726C54000214182 /* GNavigationViewController.h */,
				F8B6C0471726C54000214182 /* GNavigationViewController.m */,
				F8B6C04A1726C54000214182 /* GSelectionViewController.h */,
				F8B6C04B1726C54000214182 /* GSelectionViewController.m */,
				F8B6C04C1726C54000214182 /* GTabBarController.h */,
				F8B6C04D1726C54000214182 /* GTabBarController.m */,
				F8B6C04E1726C54000214182 /* GTableViewController.h */,
				F8B6C04F1726C54000214182 /* GTableViewController.m */,
				F8B6C0501726C54000214182 /* GViewController.h */,
				F8B6C0511726C54000214182 /* GViewController.m */,
			);
			path = UI;
			sourceTree = "<group>";
		};
		F8D1495B1742261700F86E7C /* Camera */ = {
			isa = PBXGroup;
			children = (
				F8D1495C1742263B00F86E7C /* CameraViewController.h */,
				F8D1495D1742263B00F86E7C /* CameraViewController.m */,
			);
			name = Camera;
			sourceTree = "<group>";
		};
/* End PBXGroup section */

/* Begin PBXNativeTarget section */
		F8862C4016CA6A35006EB467 /* GKitDemo */ = {
			isa = PBXNativeTarget;
			buildConfigurationList = F8862C7316CA6A36006EB467 /* Build configuration list for PBXNativeTarget "GKitDemo" */;
			buildPhases = (
				F8862C3D16CA6A35006EB467 /* Sources */,
				F8862C3E16CA6A35006EB467 /* Frameworks */,
				F8862C3F16CA6A35006EB467 /* Resources */,
			);
			buildRules = (
			);
			dependencies = (
			);
			name = GKitDemo;
			productName = GKitDemo;
			productReference = F8862C4116CA6A35006EB467 /* GKitDemo.app */;
			productType = "com.apple.product-type.application";
		};
		F8862C6016CA6A36006EB467 /* GKitDemoTests */ = {
			isa = PBXNativeTarget;
			buildConfigurationList = F8862C7616CA6A36006EB467 /* Build configuration list for PBXNativeTarget "GKitDemoTests" */;
			buildPhases = (
				F8862C5C16CA6A36006EB467 /* Sources */,
				F8862C5D16CA6A36006EB467 /* Frameworks */,
				F8862C5E16CA6A36006EB467 /* Resources */,
				F8862C5F16CA6A36006EB467 /* ShellScript */,
			);
			buildRules = (
			);
			dependencies = (
				F8862C6716CA6A36006EB467 /* PBXTargetDependency */,
			);
			name = GKitDemoTests;
			productName = GKitDemoTests;
			productReference = F8862C6116CA6A36006EB467 /* GKitDemoTests.octest */;
			productType = "com.apple.product-type.bundle";
		};
/* End PBXNativeTarget section */

/* Begin PBXProject section */
		F8862C3916CA6A35006EB467 /* Project object */ = {
			isa = PBXProject;
			attributes = {
				LastUpgradeCheck = 0460;
				ORGANIZATIONNAME = Hoewo;
			};
			buildConfigurationList = F8862C3C16CA6A35006EB467 /* Build configuration list for PBXProject "GKitDemo" */;
			compatibilityVersion = "Xcode 3.2";
			developmentRegion = English;
			hasScannedForEncodings = 0;
			knownRegions = (
				en,
			);
			mainGroup = F8862C3816CA6A35006EB467;
			productRefGroup = F8862C4216CA6A35006EB467 /* Products */;
			projectDirPath = "";
			projectRoot = "";
			targets = (
				F8862C4016CA6A35006EB467 /* GKitDemo */,
				F8862C6016CA6A36006EB467 /* GKitDemoTests */,
			);
		};
/* End PBXProject section */

/* Begin PBXResourcesBuildPhase section */
		F8862C3F16CA6A35006EB467 /* Resources */ = {
			isa = PBXResourcesBuildPhase;
			buildActionMask = 2147483647;
			files = (
				F8862C4F16CA6A35006EB467 /* InfoPlist.strings in Resources */,
				FD47A80A16F83D4200CEA15A /* Localizable.strings in Resources */,
				F88F7A8A171803F1003F9238 /* GKit.podspec in Resources */,
				F88F7A8B171803F1003F9238 /* LICENSE in Resources */,
				F88F7A8C171803F1003F9238 /* README.md in Resources */,
				F8B6BFC7172671D100214182 /* CenterTabBarItemImage.png in Resources */,
				F8B6BFC8172671D100214182 /* CenterTabBarItemImage@2x.png in Resources */,
				F8B6BFC9172671D100214182 /* Default-568h@2x.png in Resources */,
				F8B6BFCA172671D100214182 /* Default.png in Resources */,
				F8B6BFCB172671D100214182 /* Default@2x.png in Resources */,
				F8B6BFCC172671D100214182 /* UIImage.png in Resources */,
				F8B6BFCD172671D100214182 /* UIImage@2x.png in Resources */,
				FDF566E8172E1A8C00B79E81 /* back_item_backgournd@2x.png in Resources */,
				FDA02EE1173FB09400AA3D8D /* max_track@2x.png in Resources */,
				FDA02EE2173FB09400AA3D8D /* min_track@2x.png in Resources */,
				FDA02EE3173FB09400AA3D8D /* thumb@2x.png in Resources */,
			);
			runOnlyForDeploymentPostprocessing = 0;
		};
		F8862C5E16CA6A36006EB467 /* Resources */ = {
			isa = PBXResourcesBuildPhase;
			buildActionMask = 2147483647;
			files = (
				F8862C6D16CA6A36006EB467 /* InfoPlist.strings in Resources */,
			);
			runOnlyForDeploymentPostprocessing = 0;
		};
/* End PBXResourcesBuildPhase section */

/* Begin PBXShellScriptBuildPhase section */
		F8862C5F16CA6A36006EB467 /* ShellScript */ = {
			isa = PBXShellScriptBuildPhase;
			buildActionMask = 2147483647;
			files = (
			);
			inputPaths = (
			);
			outputPaths = (
			);
			runOnlyForDeploymentPostprocessing = 0;
			shellPath = /bin/sh;
			shellScript = "# Run the unit tests in this test bundle.\n\"${SYSTEM_DEVELOPER_DIR}/Tools/RunUnitTests\"\n";
		};
/* End PBXShellScriptBuildPhase section */

/* Begin PBXSourcesBuildPhase section */
		F8862C3D16CA6A35006EB467 /* Sources */ = {
			isa = PBXSourcesBuildPhase;
			buildActionMask = 2147483647;
			files = (
				F82369BD1727B53C00868E8B /* GPoint.m in Sources */,
				F82369BE1727B53C00868E8B /* GSlider.m in Sources */,
				F8862C5116CA6A35006EB467 /* main.m in Sources */,
				F8B6BFDD172671DB00214182 /* AppDelegate.m in Sources */,
				F8B6BFDE172671DB00214182 /* CustomUIViewController.m in Sources */,
				F8B6BFDF172671DB00214182 /* DemosViewController.m in Sources */,
				F8B6C0521726C54000214182 /* GAudio.m in Sources */,
				F8B6C0531726C54000214182 /* GDayView.m in Sources */,
				F8B6C0541726C54000214182 /* GEvent.m in Sources */,
				F8B6C0551726C54000214182 /* GEventView.m in Sources */,
				F8B6C0561726C54000214182 /* GMonthView.m in Sources */,
				F8B6C0571726C54000214182 /* GWeekView.m in Sources */,
				F8B6C0581726C54000214182 /* GCamera.m in Sources */,
				F8B6C0591726C54000214182 /* GMath.m in Sources */,
				F8B6C05A1726C54000214182 /* NSArray+GKit.m in Sources */,
				F8B6C05B1726C54000214182 /* NSData+GKit.m in Sources */,
				F8B6C05C1726C54000214182 /* NSDate+GKit.m in Sources */,
				F8B6C05D1726C54000214182 /* NSFileManager+GKit.m in Sources */,
				F8B6C05E1726C54000214182 /* NSMutableArray+GKit.m in Sources */,
				F8B6C05F1726C54000214182 /* NSNumber+GKit.m in Sources */,
				F8B6C0601726C54000214182 /* NSObject+GKit.m in Sources */,
				F8B6C0611726C54000214182 /* NSString+GKit.m in Sources */,
				F8B6C0621726C54000214182 /* NSUserDefaults+GKit.m in Sources */,
				F8B6C0631726C54000214182 /* UIApplication+GKit.m in Sources */,
				F8B6C0641726C54000214182 /* UIColor+GKit.m in Sources */,
				F8B6C0651726C54000214182 /* UIDevice+GKit.m in Sources */,
				F8B6C0661726C54000214182 /* UILabel+GKit.m in Sources */,
				F8B6C0671726C54000214182 /* UIScrollView+GKit.m in Sources */,
				F8B6C0681726C54000214182 /* UIView+GKit.m in Sources */,
				F8B6C0691726C54000214182 /* GCoreData.m in Sources */,
				F8B6C06A1726C54000214182 /* NSArray+GCoreData.m in Sources */,
				F8B6C06B1726C54000214182 /* NSFetchedResultsController+GCoreData.m in Sources */,
				F8B6C06C1726C54000214182 /* NSManagedObject+GCoreData.m in Sources */,
				F8B6C06D1726C54000214182 /* NSManagedObjectContext+GCoreData.m in Sources */,
				F8B6C06E1726C54000214182 /* NSSet+GCoreData.m in Sources */,
				F8B6C06F1726C54000214182 /* GImageManager.m in Sources */,
				F8B6C0701726C54000214182 /* GLocationManager.m in Sources */,
				F8B6C0711726C54000214182 /* GMoveScene.m in Sources */,
				F8B6C0721726C54000214182 /* GMoveSnapshot.m in Sources */,
				F8B6C0731726C54000214182 /* UIView+GMove.m in Sources */,
				F8B6C0741726C54000214182 /* GAlertView.m in Sources */,
				F8B6C0751726C54000214182 /* GBlockTableViewController.m in Sources */,
				F8B6C0761726C54000214182 /* GEfficientTableViewController.m in Sources */,
				F8B6C0771726C54000214182 /* GNavigationViewController.m in Sources */,
				F8B6C0791726C54000214182 /* GSelectionViewController.m in Sources */,
				F8B6C07A1726C54000214182 /* GTabBarController.m in Sources */,
				F8B6C07B1726C54000214182 /* GTableViewController.m in Sources */,
				F8B6C07C1726C54000214182 /* GViewController.m in Sources */,
				F82369C21727D46500868E8B /* CalendarViewController.m in Sources */,
				F80B4740172831AF00F4FBEB /* GMoveSnapshot+GCalendar.m in Sources */,
				F8263B25172A9D3900075959 /* PresentViewController.m in Sources */,
				F86D68551737C1DF003EFE6C /* GTextField.m in Sources */,
				F86D68581737CE03003EFE6C /* GScrollSlider.m in Sources */,
				F80B212E173AD1AC00DDA0D6 /* AudioViewController.m in Sources */,
				F8D1495E1742263B00F86E7C /* CameraViewController.m in Sources */,
			);
			runOnlyForDeploymentPostprocessing = 0;
		};
		F8862C5C16CA6A36006EB467 /* Sources */ = {
			isa = PBXSourcesBuildPhase;
			buildActionMask = 2147483647;
			files = (
				F8862C7016CA6A36006EB467 /* GKitDemoTests.m in Sources */,
				FD07BDD51727605100D8E26A /* GPoint.m in Sources */,
				FD07BDD8172761DF00D8E26A /* GSlider.m in Sources */,
			);
			runOnlyForDeploymentPostprocessing = 0;
		};
/* End PBXSourcesBuildPhase section */

/* Begin PBXTargetDependency section */
		F8862C6716CA6A36006EB467 /* PBXTargetDependency */ = {
			isa = PBXTargetDependency;
			target = F8862C4016CA6A35006EB467 /* GKitDemo */;
			targetProxy = F8862C6616CA6A36006EB467 /* PBXContainerItemProxy */;
		};
/* End PBXTargetDependency section */

/* Begin PBXVariantGroup section */
		F8862C4D16CA6A35006EB467 /* InfoPlist.strings */ = {
			isa = PBXVariantGroup;
			children = (
				F8862C4E16CA6A35006EB467 /* en */,
			);
			name = InfoPlist.strings;
			sourceTree = "<group>";
		};
		F8862C6B16CA6A36006EB467 /* InfoPlist.strings */ = {
			isa = PBXVariantGroup;
			children = (
				F8862C6C16CA6A36006EB467 /* en */,
			);
			name = InfoPlist.strings;
			sourceTree = "<group>";
		};
/* End PBXVariantGroup section */

/* Begin XCBuildConfiguration section */
		F8862C7116CA6A36006EB467 /* Debug */ = {
			isa = XCBuildConfiguration;
			buildSettings = {
				ALWAYS_SEARCH_USER_PATHS = NO;
				CLANG_CXX_LANGUAGE_STANDARD = "gnu++0x";
				CLANG_CXX_LIBRARY = "libc++";
				CLANG_ENABLE_OBJC_ARC = YES;
				CLANG_WARN_CONSTANT_CONVERSION = YES;
				CLANG_WARN_EMPTY_BODY = YES;
				CLANG_WARN_ENUM_CONVERSION = YES;
				CLANG_WARN_INT_CONVERSION = YES;
				CLANG_WARN__DUPLICATE_METHOD_MATCH = YES;
				"CODE_SIGN_IDENTITY[sdk=iphoneos*]" = "iPhone Developer";
				COPY_PHASE_STRIP = NO;
				GCC_C_LANGUAGE_STANDARD = gnu99;
				GCC_DYNAMIC_NO_PIC = NO;
				GCC_OPTIMIZATION_LEVEL = 0;
				GCC_PREPROCESSOR_DEFINITIONS = (
					"DEBUG=1",
					"$(inherited)",
				);
				GCC_SYMBOLS_PRIVATE_EXTERN = NO;
				GCC_WARN_ABOUT_RETURN_TYPE = YES;
				GCC_WARN_UNINITIALIZED_AUTOS = YES;
				GCC_WARN_UNUSED_VARIABLE = YES;
				IPHONEOS_DEPLOYMENT_TARGET = 6.1;
				ONLY_ACTIVE_ARCH = YES;
				SDKROOT = iphoneos;
				TARGETED_DEVICE_FAMILY = "1,2";
			};
			name = Debug;
		};
		F8862C7216CA6A36006EB467 /* Release */ = {
			isa = XCBuildConfiguration;
			buildSettings = {
				ALWAYS_SEARCH_USER_PATHS = NO;
				CLANG_CXX_LANGUAGE_STANDARD = "gnu++0x";
				CLANG_CXX_LIBRARY = "libc++";
				CLANG_ENABLE_OBJC_ARC = YES;
				CLANG_WARN_CONSTANT_CONVERSION = YES;
				CLANG_WARN_EMPTY_BODY = YES;
				CLANG_WARN_ENUM_CONVERSION = YES;
				CLANG_WARN_INT_CONVERSION = YES;
				CLANG_WARN__DUPLICATE_METHOD_MATCH = YES;
				"CODE_SIGN_IDENTITY[sdk=iphoneos*]" = "iPhone Developer";
				COPY_PHASE_STRIP = YES;
				GCC_C_LANGUAGE_STANDARD = gnu99;
				GCC_WARN_ABOUT_RETURN_TYPE = YES;
				GCC_WARN_UNINITIALIZED_AUTOS = YES;
				GCC_WARN_UNUSED_VARIABLE = YES;
				IPHONEOS_DEPLOYMENT_TARGET = 6.1;
				OTHER_CFLAGS = "-DNS_BLOCK_ASSERTIONS=1";
				SDKROOT = iphoneos;
				TARGETED_DEVICE_FAMILY = "1,2";
				VALIDATE_PRODUCT = YES;
			};
			name = Release;
		};
		F8862C7416CA6A36006EB467 /* Debug */ = {
			isa = XCBuildConfiguration;
			buildSettings = {
				GCC_PRECOMPILE_PREFIX_HEADER = YES;
				GCC_PREFIX_HEADER = "GKitDemo/GKitDemo-Prefix.pch";
				INFOPLIST_FILE = "GKitDemo/GKitDemo-Info.plist";
				IPHONEOS_DEPLOYMENT_TARGET = 5.0;
				PRODUCT_NAME = "$(TARGET_NAME)";
				WRAPPER_EXTENSION = app;
			};
			name = Debug;
		};
		F8862C7516CA6A36006EB467 /* Release */ = {
			isa = XCBuildConfiguration;
			buildSettings = {
				GCC_PRECOMPILE_PREFIX_HEADER = YES;
				GCC_PREFIX_HEADER = "GKitDemo/GKitDemo-Prefix.pch";
				INFOPLIST_FILE = "GKitDemo/GKitDemo-Info.plist";
				IPHONEOS_DEPLOYMENT_TARGET = 5.0;
				PRODUCT_NAME = "$(TARGET_NAME)";
				WRAPPER_EXTENSION = app;
			};
			name = Release;
		};
		F8862C7716CA6A36006EB467 /* Debug */ = {
			isa = XCBuildConfiguration;
			buildSettings = {
				BUNDLE_LOADER = "$(BUILT_PRODUCTS_DIR)/GKitDemo.app/GKitDemo";
				FRAMEWORK_SEARCH_PATHS = (
					"\"$(SDKROOT)/Developer/Library/Frameworks\"",
					"\"$(DEVELOPER_LIBRARY_DIR)/Frameworks\"",
				);
				GCC_PRECOMPILE_PREFIX_HEADER = YES;
				GCC_PREFIX_HEADER = "GKitDemo/GKitDemo-Prefix.pch";
				INFOPLIST_FILE = "GKitDemoTests/GKitDemoTests-Info.plist";
				PRODUCT_NAME = "$(TARGET_NAME)";
				TEST_HOST = "$(BUNDLE_LOADER)";
				WRAPPER_EXTENSION = octest;
			};
			name = Debug;
		};
		F8862C7816CA6A36006EB467 /* Release */ = {
			isa = XCBuildConfiguration;
			buildSettings = {
				BUNDLE_LOADER = "$(BUILT_PRODUCTS_DIR)/GKitDemo.app/GKitDemo";
				FRAMEWORK_SEARCH_PATHS = (
					"\"$(SDKROOT)/Developer/Library/Frameworks\"",
					"\"$(DEVELOPER_LIBRARY_DIR)/Frameworks\"",
				);
				GCC_PRECOMPILE_PREFIX_HEADER = YES;
				GCC_PREFIX_HEADER = "GKitDemo/GKitDemo-Prefix.pch";
				INFOPLIST_FILE = "GKitDemoTests/GKitDemoTests-Info.plist";
				PRODUCT_NAME = "$(TARGET_NAME)";
				TEST_HOST = "$(BUNDLE_LOADER)";
				WRAPPER_EXTENSION = octest;
			};
			name = Release;
		};
/* End XCBuildConfiguration section */

/* Begin XCConfigurationList section */
		F8862C3C16CA6A35006EB467 /* Build configuration list for PBXProject "GKitDemo" */ = {
			isa = XCConfigurationList;
			buildConfigurations = (
				F8862C7116CA6A36006EB467 /* Debug */,
				F8862C7216CA6A36006EB467 /* Release */,
			);
			defaultConfigurationIsVisible = 0;
			defaultConfigurationName = Release;
		};
		F8862C7316CA6A36006EB467 /* Build configuration list for PBXNativeTarget "GKitDemo" */ = {
			isa = XCConfigurationList;
			buildConfigurations = (
				F8862C7416CA6A36006EB467 /* Debug */,
				F8862C7516CA6A36006EB467 /* Release */,
			);
			defaultConfigurationIsVisible = 0;
			defaultConfigurationName = Release;
		};
		F8862C7616CA6A36006EB467 /* Build configuration list for PBXNativeTarget "GKitDemoTests" */ = {
			isa = XCConfigurationList;
			buildConfigurations = (
				F8862C7716CA6A36006EB467 /* Debug */,
				F8862C7816CA6A36006EB467 /* Release */,
			);
			defaultConfigurationIsVisible = 0;
			defaultConfigurationName = Release;
		};
/* End XCConfigurationList section */
	};
	rootObject = F8862C3916CA6A35006EB467 /* Project object */;
}
