// !$*UTF8*$!
{
	archiveVersion = 1;
	classes = {
	};
	objectVersion = 46;
	objects = {

/* Begin PBXBuildFile section */
		F8862C4516CA6A35006EB467 /* UIKit.framework in Frameworks */ = {isa = PBXBuildFile; fileRef = F8862C4416CA6A35006EB467 /* UIKit.framework */; };
		F8862C4716CA6A35006EB467 /* Foundation.framework in Frameworks */ = {isa = PBXBuildFile; fileRef = F8862C4616CA6A35006EB467 /* Foundation.framework */; };
		F8862C4916CA6A35006EB467 /* CoreGraphics.framework in Frameworks */ = {isa = PBXBuildFile; fileRef = F8862C4816CA6A35006EB467 /* CoreGraphics.framework */; };
		F8862C4F16CA6A35006EB467 /* InfoPlist.strings in Resources */ = {isa = PBXBuildFile; fileRef = F8862C4D16CA6A35006EB467 /* InfoPlist.strings */; };
		F8862C5116CA6A35006EB467 /* main.m in Sources */ = {isa = PBXBuildFile; fileRef = F8862C5016CA6A35006EB467 /* main.m */; };
		F8862C5516CA6A36006EB467 /* AppDelegate.m in Sources */ = {isa = PBXBuildFile; fileRef = F8862C5416CA6A36006EB467 /* AppDelegate.m */; };
		F8862C5716CA6A36006EB467 /* Default.png in Resources */ = {isa = PBXBuildFile; fileRef = F8862C5616CA6A36006EB467 /* Default.png */; };
		F8862C5916CA6A36006EB467 /* Default@2x.png in Resources */ = {isa = PBXBuildFile; fileRef = F8862C5816CA6A36006EB467 /* Default@2x.png */; };
		F8862C5B16CA6A36006EB467 /* Default-568h@2x.png in Resources */ = {isa = PBXBuildFile; fileRef = F8862C5A16CA6A36006EB467 /* Default-568h@2x.png */; };
		F8862C6316CA6A36006EB467 /* SenTestingKit.framework in Frameworks */ = {isa = PBXBuildFile; fileRef = F8862C6216CA6A36006EB467 /* SenTestingKit.framework */; };
		F8862C6416CA6A36006EB467 /* UIKit.framework in Frameworks */ = {isa = PBXBuildFile; fileRef = F8862C4416CA6A35006EB467 /* UIKit.framework */; };
		F8862C6516CA6A36006EB467 /* Foundation.framework in Frameworks */ = {isa = PBXBuildFile; fileRef = F8862C4616CA6A35006EB467 /* Foundation.framework */; };
		F8862C6D16CA6A36006EB467 /* InfoPlist.strings in Resources */ = {isa = PBXBuildFile; fileRef = F8862C6B16CA6A36006EB467 /* InfoPlist.strings */; };
		F8862C7016CA6A36006EB467 /* GKitDemoTests.m in Sources */ = {isa = PBXBuildFile; fileRef = F8862C6F16CA6A36006EB467 /* GKitDemoTests.m */; };
		F8862CB816CA73E2006EB467 /* README.md in Resources */ = {isa = PBXBuildFile; fileRef = F8862CB716CA73E2006EB467 /* README.md */; };
		F8862CBD16CA74AF006EB467 /* CoreData.framework in Frameworks */ = {isa = PBXBuildFile; fileRef = F8862CBC16CA74AF006EB467 /* CoreData.framework */; };
		FD16EF2F16F303CC00457701 /* NSNumber+GKit.m in Sources */ = {isa = PBXBuildFile; fileRef = FD16EF2E16F303CC00457701 /* NSNumber+GKit.m */; };
		FDF1EF6816F1BCFC00FCDC64 /* GKit.podspec in Resources */ = {isa = PBXBuildFile; fileRef = FDF1EF3816F1BCFC00FCDC64 /* GKit.podspec */; };
		FDF1EF6916F1BCFC00FCDC64 /* GAudio.m in Sources */ = {isa = PBXBuildFile; fileRef = FDF1EF3C16F1BCFC00FCDC64 /* GAudio.m */; };
		FDF1EF6A16F1BCFC00FCDC64 /* NSArray+GKit.m in Sources */ = {isa = PBXBuildFile; fileRef = FDF1EF4116F1BCFC00FCDC64 /* NSArray+GKit.m */; };
		FDF1EF6B16F1BCFC00FCDC64 /* NSData+GKit.m in Sources */ = {isa = PBXBuildFile; fileRef = FDF1EF4316F1BCFC00FCDC64 /* NSData+GKit.m */; };
		FDF1EF6C16F1BCFC00FCDC64 /* NSDate+GKit.m in Sources */ = {isa = PBXBuildFile; fileRef = FDF1EF4516F1BCFC00FCDC64 /* NSDate+GKit.m */; };
		FDF1EF6D16F1BCFC00FCDC64 /* NSObject+GKit.m in Sources */ = {isa = PBXBuildFile; fileRef = FDF1EF4716F1BCFC00FCDC64 /* NSObject+GKit.m */; };
		FDF1EF6E16F1BCFC00FCDC64 /* NSString+GKit.m in Sources */ = {isa = PBXBuildFile; fileRef = FDF1EF4916F1BCFC00FCDC64 /* NSString+GKit.m */; };
		FDF1EF6F16F1BCFC00FCDC64 /* NSUserDefaults+GKit.m in Sources */ = {isa = PBXBuildFile; fileRef = FDF1EF4B16F1BCFC00FCDC64 /* NSUserDefaults+GKit.m */; };
		FDF1EF7016F1BCFC00FCDC64 /* UIApplication+GKit.m in Sources */ = {isa = PBXBuildFile; fileRef = FDF1EF4E16F1BCFC00FCDC64 /* UIApplication+GKit.m */; };
		FDF1EF7116F1BCFC00FCDC64 /* UIColor+GKit.m in Sources */ = {isa = PBXBuildFile; fileRef = FDF1EF5016F1BCFC00FCDC64 /* UIColor+GKit.m */; };
		FDF1EF7216F1BCFC00FCDC64 /* UIDevice+GKit.m in Sources */ = {isa = PBXBuildFile; fileRef = FDF1EF5216F1BCFC00FCDC64 /* UIDevice+GKit.m */; };
		FDF1EF7316F1BCFC00FCDC64 /* UILabel+GKit.m in Sources */ = {isa = PBXBuildFile; fileRef = FDF1EF5416F1BCFC00FCDC64 /* UILabel+GKit.m */; };
		FDF1EF7416F1BCFC00FCDC64 /* UIView+GKit.m in Sources */ = {isa = PBXBuildFile; fileRef = FDF1EF5616F1BCFC00FCDC64 /* UIView+GKit.m */; };
		FDF1EF7516F1BCFC00FCDC64 /* GMath.m in Sources */ = {isa = PBXBuildFile; fileRef = FDF1EF5A16F1BCFC00FCDC64 /* GMath.m */; };
		FDF1EF7616F1BCFC00FCDC64 /* GCoreData.m in Sources */ = {isa = PBXBuildFile; fileRef = FDF1EF5E16F1BCFC00FCDC64 /* GCoreData.m */; };
		FDF1EF7716F1BCFC00FCDC64 /* GBlockTableViewController.m in Sources */ = {isa = PBXBuildFile; fileRef = FDF1EF6116F1BCFC00FCDC64 /* GBlockTableViewController.m */; };
		FDF1EF7816F1BCFC00FCDC64 /* GSelectionViewController.m in Sources */ = {isa = PBXBuildFile; fileRef = FDF1EF6316F1BCFC00FCDC64 /* GSelectionViewController.m */; };
		FDF1EF7916F1BCFC00FCDC64 /* GTableViewController.m in Sources */ = {isa = PBXBuildFile; fileRef = FDF1EF6516F1BCFC00FCDC64 /* GTableViewController.m */; };
		FDF1EF7A16F1BCFC00FCDC64 /* GViewController.m in Sources */ = {isa = PBXBuildFile; fileRef = FDF1EF6716F1BCFC00FCDC64 /* GViewController.m */; };
		FDF1EF7C16F1BD6400FCDC64 /* AVFoundation.framework in Frameworks */ = {isa = PBXBuildFile; fileRef = FDF1EF7B16F1BD6400FCDC64 /* AVFoundation.framework */; };
		FDF1EF7E16F1BD6900FCDC64 /* AudioToolbox.framework in Frameworks */ = {isa = PBXBuildFile; fileRef = FDF1EF7D16F1BD6900FCDC64 /* AudioToolbox.framework */; };
/* End PBXBuildFile section */

/* Begin PBXContainerItemProxy section */
		F8862C6616CA6A36006EB467 /* PBXContainerItemProxy */ = {
			isa = PBXContainerItemProxy;
			containerPortal = F8862C3916CA6A35006EB467 /* Project object */;
			proxyType = 1;
			remoteGlobalIDString = F8862C4016CA6A35006EB467;
			remoteInfo = GKitDemo;
		};
/* End PBXContainerItemProxy section */

/* Begin PBXFileReference section */
		F8862C4116CA6A35006EB467 /* GKitDemo.app */ = {isa = PBXFileReference; explicitFileType = wrapper.application; includeInIndex = 0; path = GKitDemo.app; sourceTree = BUILT_PRODUCTS_DIR; };
		F8862C4416CA6A35006EB467 /* UIKit.framework */ = {isa = PBXFileReference; lastKnownFileType = wrapper.framework; name = UIKit.framework; path = System/Library/Frameworks/UIKit.framework; sourceTree = SDKROOT; };
		F8862C4616CA6A35006EB467 /* Foundation.framework */ = {isa = PBXFileReference; lastKnownFileType = wrapper.framework; name = Foundation.framework; path = System/Library/Frameworks/Foundation.framework; sourceTree = SDKROOT; };
		F8862C4816CA6A35006EB467 /* CoreGraphics.framework */ = {isa = PBXFileReference; lastKnownFileType = wrapper.framework; name = CoreGraphics.framework; path = System/Library/Frameworks/CoreGraphics.framework; sourceTree = SDKROOT; };
		F8862C4C16CA6A35006EB467 /* GKitDemo-Info.plist */ = {isa = PBXFileReference; lastKnownFileType = text.plist.xml; path = "GKitDemo-Info.plist"; sourceTree = "<group>"; };
		F8862C4E16CA6A35006EB467 /* en */ = {isa = PBXFileReference; lastKnownFileType = text.plist.strings; name = en; path = en.lproj/InfoPlist.strings; sourceTree = "<group>"; };
		F8862C5016CA6A35006EB467 /* main.m */ = {isa = PBXFileReference; lastKnownFileType = sourcecode.c.objc; path = main.m; sourceTree = "<group>"; };
		F8862C5216CA6A35006EB467 /* GKitDemo-Prefix.pch */ = {isa = PBXFileReference; lastKnownFileType = sourcecode.c.h; path = "GKitDemo-Prefix.pch"; sourceTree = "<group>"; };
		F8862C5316CA6A35006EB467 /* AppDelegate.h */ = {isa = PBXFileReference; lastKnownFileType = sourcecode.c.h; path = AppDelegate.h; sourceTree = "<group>"; };
		F8862C5416CA6A36006EB467 /* AppDelegate.m */ = {isa = PBXFileReference; lastKnownFileType = sourcecode.c.objc; path = AppDelegate.m; sourceTree = "<group>"; };
		F8862C5616CA6A36006EB467 /* Default.png */ = {isa = PBXFileReference; lastKnownFileType = image.png; path = Default.png; sourceTree = "<group>"; };
		F8862C5816CA6A36006EB467 /* Default@2x.png */ = {isa = PBXFileReference; lastKnownFileType = image.png; path = "Default@2x.png"; sourceTree = "<group>"; };
		F8862C5A16CA6A36006EB467 /* Default-568h@2x.png */ = {isa = PBXFileReference; lastKnownFileType = image.png; path = "Default-568h@2x.png"; sourceTree = "<group>"; };
		F8862C6116CA6A36006EB467 /* GKitDemoTests.octest */ = {isa = PBXFileReference; explicitFileType = wrapper.cfbundle; includeInIndex = 0; path = GKitDemoTests.octest; sourceTree = BUILT_PRODUCTS_DIR; };
		F8862C6216CA6A36006EB467 /* SenTestingKit.framework */ = {isa = PBXFileReference; lastKnownFileType = wrapper.framework; name = SenTestingKit.framework; path = Library/Frameworks/SenTestingKit.framework; sourceTree = DEVELOPER_DIR; };
		F8862C6A16CA6A36006EB467 /* GKitDemoTests-Info.plist */ = {isa = PBXFileReference; lastKnownFileType = text.plist.xml; path = "GKitDemoTests-Info.plist"; sourceTree = "<group>"; };
		F8862C6C16CA6A36006EB467 /* en */ = {isa = PBXFileReference; lastKnownFileType = text.plist.strings; name = en; path = en.lproj/InfoPlist.strings; sourceTree = "<group>"; };
		F8862C6E16CA6A36006EB467 /* GKitDemoTests.h */ = {isa = PBXFileReference; lastKnownFileType = sourcecode.c.h; path = GKitDemoTests.h; sourceTree = "<group>"; };
		F8862C6F16CA6A36006EB467 /* GKitDemoTests.m */ = {isa = PBXFileReference; lastKnownFileType = sourcecode.c.objc; path = GKitDemoTests.m; sourceTree = "<group>"; };
		F8862CB716CA73E2006EB467 /* README.md */ = {isa = PBXFileReference; fileEncoding = 4; lastKnownFileType = text; path = README.md; sourceTree = "<group>"; };
		F8862CBC16CA74AF006EB467 /* CoreData.framework */ = {isa = PBXFileReference; lastKnownFileType = wrapper.framework; name = CoreData.framework; path = System/Library/Frameworks/CoreData.framework; sourceTree = SDKROOT; };
		FD16EF2D16F303CC00457701 /* NSNumber+GKit.h */ = {isa = PBXFileReference; fileEncoding = 4; lastKnownFileType = sourcecode.c.h; path = "NSNumber+GKit.h"; sourceTree = "<group>"; };
		FD16EF2E16F303CC00457701 /* NSNumber+GKit.m */ = {isa = PBXFileReference; fileEncoding = 4; lastKnownFileType = sourcecode.c.objc; path = "NSNumber+GKit.m"; sourceTree = "<group>"; };
		FDF1EF3816F1BCFC00FCDC64 /* GKit.podspec */ = {isa = PBXFileReference; fileEncoding = 4; lastKnownFileType = text; path = GKit.podspec; sourceTree = "<group>"; };
		FDF1EF3B16F1BCFC00FCDC64 /* GAudio.h */ = {isa = PBXFileReference; fileEncoding = 4; lastKnownFileType = sourcecode.c.h; path = GAudio.h; sourceTree = "<group>"; };
		FDF1EF3C16F1BCFC00FCDC64 /* GAudio.m */ = {isa = PBXFileReference; fileEncoding = 4; lastKnownFileType = sourcecode.c.objc; path = GAudio.m; sourceTree = "<group>"; };
		FDF1EF4016F1BCFC00FCDC64 /* NSArray+GKit.h */ = {isa = PBXFileReference; fileEncoding = 4; lastKnownFileType = sourcecode.c.h; path = "NSArray+GKit.h"; sourceTree = "<group>"; };
		FDF1EF4116F1BCFC00FCDC64 /* NSArray+GKit.m */ = {isa = PBXFileReference; fileEncoding = 4; lastKnownFileType = sourcecode.c.objc; path = "NSArray+GKit.m"; sourceTree = "<group>"; };
		FDF1EF4216F1BCFC00FCDC64 /* NSData+GKit.h */ = {isa = PBXFileReference; fileEncoding = 4; lastKnownFileType = sourcecode.c.h; path = "NSData+GKit.h"; sourceTree = "<group>"; };
		FDF1EF4316F1BCFC00FCDC64 /* NSData+GKit.m */ = {isa = PBXFileReference; fileEncoding = 4; lastKnownFileType = sourcecode.c.objc; path = "NSData+GKit.m"; sourceTree = "<group>"; };
		FDF1EF4416F1BCFC00FCDC64 /* NSDate+GKit.h */ = {isa = PBXFileReference; fileEncoding = 4; lastKnownFileType = sourcecode.c.h; path = "NSDate+GKit.h"; sourceTree = "<group>"; };
		FDF1EF4516F1BCFC00FCDC64 /* NSDate+GKit.m */ = {isa = PBXFileReference; fileEncoding = 4; lastKnownFileType = sourcecode.c.objc; path = "NSDate+GKit.m"; sourceTree = "<group>"; };
		FDF1EF4616F1BCFC00FCDC64 /* NSObject+GKit.h */ = {isa = PBXFileReference; fileEncoding = 4; lastKnownFileType = sourcecode.c.h; path = "NSObject+GKit.h"; sourceTree = "<group>"; };
		FDF1EF4716F1BCFC00FCDC64 /* NSObject+GKit.m */ = {isa = PBXFileReference; fileEncoding = 4; lastKnownFileType = sourcecode.c.objc; path = "NSObject+GKit.m"; sourceTree = "<group>"; };
		FDF1EF4816F1BCFC00FCDC64 /* NSString+GKit.h */ = {isa = PBXFileReference; fileEncoding = 4; lastKnownFileType = sourcecode.c.h; path = "NSString+GKit.h"; sourceTree = "<group>"; };
		FDF1EF4916F1BCFC00FCDC64 /* NSString+GKit.m */ = {isa = PBXFileReference; fileEncoding = 4; lastKnownFileType = sourcecode.c.objc; path = "NSString+GKit.m"; sourceTree = "<group>"; };
		FDF1EF4A16F1BCFC00FCDC64 /* NSUserDefaults+GKit.h */ = {isa = PBXFileReference; fileEncoding = 4; lastKnownFileType = sourcecode.c.h; path = "NSUserDefaults+GKit.h"; sourceTree = "<group>"; };
		FDF1EF4B16F1BCFC00FCDC64 /* NSUserDefaults+GKit.m */ = {isa = PBXFileReference; fileEncoding = 4; lastKnownFileType = sourcecode.c.objc; path = "NSUserDefaults+GKit.m"; sourceTree = "<group>"; };
		FDF1EF4D16F1BCFC00FCDC64 /* UIApplication+GKit.h */ = {isa = PBXFileReference; fileEncoding = 4; lastKnownFileType = sourcecode.c.h; path = "UIApplication+GKit.h"; sourceTree = "<group>"; };
		FDF1EF4E16F1BCFC00FCDC64 /* UIApplication+GKit.m */ = {isa = PBXFileReference; fileEncoding = 4; lastKnownFileType = sourcecode.c.objc; path = "UIApplication+GKit.m"; sourceTree = "<group>"; };
		FDF1EF4F16F1BCFC00FCDC64 /* UIColor+GKit.h */ = {isa = PBXFileReference; fileEncoding = 4; lastKnownFileType = sourcecode.c.h; path = "UIColor+GKit.h"; sourceTree = "<group>"; };
		FDF1EF5016F1BCFC00FCDC64 /* UIColor+GKit.m */ = {isa = PBXFileReference; fileEncoding = 4; lastKnownFileType = sourcecode.c.objc; path = "UIColor+GKit.m"; sourceTree = "<group>"; };
		FDF1EF5116F1BCFC00FCDC64 /* UIDevice+GKit.h */ = {isa = PBXFileReference; fileEncoding = 4; lastKnownFileType = sourcecode.c.h; path = "UIDevice+GKit.h"; sourceTree = "<group>"; };
		FDF1EF5216F1BCFC00FCDC64 /* UIDevice+GKit.m */ = {isa = PBXFileReference; fileEncoding = 4; lastKnownFileType = sourcecode.c.objc; path = "UIDevice+GKit.m"; sourceTree = "<group>"; };
		FDF1EF5316F1BCFC00FCDC64 /* UILabel+GKit.h */ = {isa = PBXFileReference; fileEncoding = 4; lastKnownFileType = sourcecode.c.h; path = "UILabel+GKit.h"; sourceTree = "<group>"; };
		FDF1EF5416F1BCFC00FCDC64 /* UILabel+GKit.m */ = {isa = PBXFileReference; fileEncoding = 4; lastKnownFileType = sourcecode.c.objc; path = "UILabel+GKit.m"; sourceTree = "<group>"; };
		FDF1EF5516F1BCFC00FCDC64 /* UIView+GKit.h */ = {isa = PBXFileReference; fileEncoding = 4; lastKnownFileType = sourcecode.c.h; path = "UIView+GKit.h"; sourceTree = "<group>"; };
		FDF1EF5616F1BCFC00FCDC64 /* UIView+GKit.m */ = {isa = PBXFileReference; fileEncoding = 4; lastKnownFileType = sourcecode.c.objc; path = "UIView+GKit.m"; sourceTree = "<group>"; };
		FDF1EF5716F1BCFC00FCDC64 /* GCore.h */ = {isa = PBXFileReference; fileEncoding = 4; lastKnownFileType = sourcecode.c.h; path = GCore.h; sourceTree = "<group>"; };
		FDF1EF5816F1BCFC00FCDC64 /* GDebuggingTools.h */ = {isa = PBXFileReference; fileEncoding = 4; lastKnownFileType = sourcecode.c.h; path = GDebuggingTools.h; sourceTree = "<group>"; };
		FDF1EF5916F1BCFC00FCDC64 /* GMath.h */ = {isa = PBXFileReference; fileEncoding = 4; lastKnownFileType = sourcecode.c.h; path = GMath.h; sourceTree = "<group>"; };
		FDF1EF5A16F1BCFC00FCDC64 /* GMath.m */ = {isa = PBXFileReference; fileEncoding = 4; lastKnownFileType = sourcecode.c.objc; path = GMath.m; sourceTree = "<group>"; };
		FDF1EF5B16F1BCFC00FCDC64 /* GSDKAvailability.h */ = {isa = PBXFileReference; fileEncoding = 4; lastKnownFileType = sourcecode.c.h; path = GSDKAvailability.h; sourceTree = "<group>"; };
		FDF1EF5D16F1BCFC00FCDC64 /* GCoreData.h */ = {isa = PBXFileReference; fileEncoding = 4; lastKnownFileType = sourcecode.c.h; path = GCoreData.h; sourceTree = "<group>"; };
		FDF1EF5E16F1BCFC00FCDC64 /* GCoreData.m */ = {isa = PBXFileReference; fileEncoding = 4; lastKnownFileType = sourcecode.c.objc; path = GCoreData.m; sourceTree = "<group>"; };
		FDF1EF6016F1BCFC00FCDC64 /* GBlockTableViewController.h */ = {isa = PBXFileReference; fileEncoding = 4; lastKnownFileType = sourcecode.c.h; path = GBlockTableViewController.h; sourceTree = "<group>"; };
		FDF1EF6116F1BCFC00FCDC64 /* GBlockTableViewController.m */ = {isa = PBXFileReference; fileEncoding = 4; lastKnownFileType = sourcecode.c.objc; path = GBlockTableViewController.m; sourceTree = "<group>"; };
		FDF1EF6216F1BCFC00FCDC64 /* GSelectionViewController.h */ = {isa = PBXFileReference; fileEncoding = 4; lastKnownFileType = sourcecode.c.h; path = GSelectionViewController.h; sourceTree = "<group>"; };
		FDF1EF6316F1BCFC00FCDC64 /* GSelectionViewController.m */ = {isa = PBXFileReference; fileEncoding = 4; lastKnownFileType = sourcecode.c.objc; path = GSelectionViewController.m; sourceTree = "<group>"; };
		FDF1EF6416F1BCFC00FCDC64 /* GTableViewController.h */ = {isa = PBXFileReference; fileEncoding = 4; lastKnownFileType = sourcecode.c.h; path = GTableViewController.h; sourceTree = "<group>"; };
		FDF1EF6516F1BCFC00FCDC64 /* GTableViewController.m */ = {isa = PBXFileReference; fileEncoding = 4; lastKnownFileType = sourcecode.c.objc; path = GTableViewController.m; sourceTree = "<group>"; };
		FDF1EF6616F1BCFC00FCDC64 /* GViewController.h */ = {isa = PBXFileReference; fileEncoding = 4; lastKnownFileType = sourcecode.c.h; path = GViewController.h; sourceTree = "<group>"; };
		FDF1EF6716F1BCFC00FCDC64 /* GViewController.m */ = {isa = PBXFileReference; fileEncoding = 4; lastKnownFileType = sourcecode.c.objc; path = GViewController.m; sourceTree = "<group>"; };
		FDF1EF7B16F1BD6400FCDC64 /* AVFoundation.framework */ = {isa = PBXFileReference; lastKnownFileType = wrapper.framework; name = AVFoundation.framework; path = System/Library/Frameworks/AVFoundation.framework; sourceTree = SDKROOT; };
		FDF1EF7D16F1BD6900FCDC64 /* AudioToolbox.framework */ = {isa = PBXFileReference; lastKnownFileType = wrapper.framework; name = AudioToolbox.framework; path = System/Library/Frameworks/AudioToolbox.framework; sourceTree = SDKROOT; };
/* End PBXFileReference section */

/* Begin PBXFrameworksBuildPhase section */
		F8862C3E16CA6A35006EB467 /* Frameworks */ = {
			isa = PBXFrameworksBuildPhase;
			buildActionMask = 2147483647;
			files = (
				FDF1EF7E16F1BD6900FCDC64 /* AudioToolbox.framework in Frameworks */,
				FDF1EF7C16F1BD6400FCDC64 /* AVFoundation.framework in Frameworks */,
				F8862CBD16CA74AF006EB467 /* CoreData.framework in Frameworks */,
				F8862C4516CA6A35006EB467 /* UIKit.framework in Frameworks */,
				F8862C4716CA6A35006EB467 /* Foundation.framework in Frameworks */,
				F8862C4916CA6A35006EB467 /* CoreGraphics.framework in Frameworks */,
			);
			runOnlyForDeploymentPostprocessing = 0;
		};
		F8862C5D16CA6A36006EB467 /* Frameworks */ = {
			isa = PBXFrameworksBuildPhase;
			buildActionMask = 2147483647;
			files = (
				F8862C6316CA6A36006EB467 /* SenTestingKit.framework in Frameworks */,
				F8862C6416CA6A36006EB467 /* UIKit.framework in Frameworks */,
				F8862C6516CA6A36006EB467 /* Foundation.framework in Frameworks */,
			);
			runOnlyForDeploymentPostprocessing = 0;
		};
/* End PBXFrameworksBuildPhase section */

/* Begin PBXGroup section */
		F8862C3816CA6A35006EB467 = {
			isa = PBXGroup;
			children = (
				FDF1EF3816F1BCFC00FCDC64 /* GKit.podspec */,
				F8862CB716CA73E2006EB467 /* README.md */,
				FDF1EF3916F1BCFC00FCDC64 /* GKit */,
				F8862C4A16CA6A35006EB467 /* GKitDemo */,
				F8862C6816CA6A36006EB467 /* GKitDemoTests */,
				F8862C4316CA6A35006EB467 /* Frameworks */,
				F8862C4216CA6A35006EB467 /* Products */,
			);
			sourceTree = "<group>";
		};
		F8862C4216CA6A35006EB467 /* Products */ = {
			isa = PBXGroup;
			children = (
				F8862C4116CA6A35006EB467 /* GKitDemo.app */,
				F8862C6116CA6A36006EB467 /* GKitDemoTests.octest */,
			);
			name = Products;
			sourceTree = "<group>";
		};
		F8862C4316CA6A35006EB467 /* Frameworks */ = {
			isa = PBXGroup;
			children = (
				F8862C4416CA6A35006EB467 /* UIKit.framework */,
				F8862C4616CA6A35006EB467 /* Foundation.framework */,
				F8862C4816CA6A35006EB467 /* CoreGraphics.framework */,
				F8862C6216CA6A36006EB467 /* SenTestingKit.framework */,
			);
			name = Frameworks;
			sourceTree = "<group>";
		};
		F8862C4A16CA6A35006EB467 /* GKitDemo */ = {
			isa = PBXGroup;
			children = (
				F8862C5316CA6A35006EB467 /* AppDelegate.h */,
				F8862C5416CA6A36006EB467 /* AppDelegate.m */,
				F8862C4B16CA6A35006EB467 /* Supporting Files */,
			);
			path = GKitDemo;
			sourceTree = "<group>";
		};
		F8862C4B16CA6A35006EB467 /* Supporting Files */ = {
			isa = PBXGroup;
			children = (
				F8862C4C16CA6A35006EB467 /* GKitDemo-Info.plist */,
				F8862C4D16CA6A35006EB467 /* InfoPlist.strings */,
				F8862C5016CA6A35006EB467 /* main.m */,
				F8862C5216CA6A35006EB467 /* GKitDemo-Prefix.pch */,
				F8862C5616CA6A36006EB467 /* Default.png */,
				F8862C5816CA6A36006EB467 /* Default@2x.png */,
				F8862C5A16CA6A36006EB467 /* Default-568h@2x.png */,
			);
			name = "Supporting Files";
			sourceTree = "<group>";
		};
		F8862C6816CA6A36006EB467 /* GKitDemoTests */ = {
			isa = PBXGroup;
			children = (
				F8862C6E16CA6A36006EB467 /* GKitDemoTests.h */,
				F8862C6F16CA6A36006EB467 /* GKitDemoTests.m */,
				F8862C6916CA6A36006EB467 /* Supporting Files */,
			);
			path = GKitDemoTests;
			sourceTree = "<group>";
		};
		F8862C6916CA6A36006EB467 /* Supporting Files */ = {
			isa = PBXGroup;
			children = (
				F8862C6A16CA6A36006EB467 /* GKitDemoTests-Info.plist */,
				F8862C6B16CA6A36006EB467 /* InfoPlist.strings */,
			);
			name = "Supporting Files";
			sourceTree = "<group>";
		};
		FDF1EF3916F1BCFC00FCDC64 /* GKit */ = {
			isa = PBXGroup;
			children = (
				FDF1EF3A16F1BCFC00FCDC64 /* Audio */,
				FDF1EF3D16F1BCFC00FCDC64 /* Core */,
				FDF1EF5C16F1BCFC00FCDC64 /* CoreData */,
				FDF1EF5F16F1BCFC00FCDC64 /* UI */,
			);
			path = GKit;
			sourceTree = "<group>";
		};
		FDF1EF3A16F1BCFC00FCDC64 /* Audio */ = {
			isa = PBXGroup;
			children = (
				FDF1EF7D16F1BD6900FCDC64 /* AudioToolbox.framework */,
				FDF1EF7B16F1BD6400FCDC64 /* AVFoundation.framework */,
				FDF1EF3B16F1BCFC00FCDC64 /* GAudio.h */,
				FDF1EF3C16F1BCFC00FCDC64 /* GAudio.m */,
			);
			path = Audio;
			sourceTree = "<group>";
		};
		FDF1EF3D16F1BCFC00FCDC64 /* Core */ = {
			isa = PBXGroup;
			children = (
				FDF1EF3E16F1BCFC00FCDC64 /* Categories */,
				FDF1EF5716F1BCFC00FCDC64 /* GCore.h */,
				FDF1EF5816F1BCFC00FCDC64 /* GDebuggingTools.h */,
				FDF1EF5916F1BCFC00FCDC64 /* GMath.h */,
				FDF1EF5A16F1BCFC00FCDC64 /* GMath.m */,
				FDF1EF5B16F1BCFC00FCDC64 /* GSDKAvailability.h */,
			);
			path = Core;
			sourceTree = "<group>";
		};
		FDF1EF3E16F1BCFC00FCDC64 /* Categories */ = {
			isa = PBXGroup;
			children = (
				FDF1EF3F16F1BCFC00FCDC64 /* Foundation */,
				FDF1EF4C16F1BCFC00FCDC64 /* UIKit */,
			);
			path = Categories;
			sourceTree = "<group>";
		};
		FDF1EF3F16F1BCFC00FCDC64 /* Foundation */ = {
			isa = PBXGroup;
			children = (
				FDF1EF4016F1BCFC00FCDC64 /* NSArray+GKit.h */,
				FDF1EF4116F1BCFC00FCDC64 /* NSArray+GKit.m */,
				FDF1EF4216F1BCFC00FCDC64 /* NSData+GKit.h */,
				FDF1EF4316F1BCFC00FCDC64 /* NSData+GKit.m */,
				FDF1EF4416F1BCFC00FCDC64 /* NSDate+GKit.h */,
				FDF1EF4516F1BCFC00FCDC64 /* NSDate+GKit.m */,
				FDF1EF4616F1BCFC00FCDC64 /* NSObject+GKit.h */,
				FDF1EF4716F1BCFC00FCDC64 /* NSObject+GKit.m */,
				FDF1EF4816F1BCFC00FCDC64 /* NSString+GKit.h */,
				FDF1EF4916F1BCFC00FCDC64 /* NSString+GKit.m */,
				FDF1EF4A16F1BCFC00FCDC64 /* NSUserDefaults+GKit.h */,
				FDF1EF4B16F1BCFC00FCDC64 /* NSUserDefaults+GKit.m */,
				FD16EF2D16F303CC00457701 /* NSNumber+GKit.h */,
				FD16EF2E16F303CC00457701 /* NSNumber+GKit.m */,
			);
			path = Foundation;
			sourceTree = "<group>";
		};
		FDF1EF4C16F1BCFC00FCDC64 /* UIKit */ = {
			isa = PBXGroup;
			children = (
				FDF1EF4D16F1BCFC00FCDC64 /* UIApplication+GKit.h */,
				FDF1EF4E16F1BCFC00FCDC64 /* UIApplication+GKit.m */,
				FDF1EF4F16F1BCFC00FCDC64 /* UIColor+GKit.h */,
				FDF1EF5016F1BCFC00FCDC64 /* UIColor+GKit.m */,
				FDF1EF5116F1BCFC00FCDC64 /* UIDevice+GKit.h */,
				FDF1EF5216F1BCFC00FCDC64 /* UIDevice+GKit.m */,
				FDF1EF5316F1BCFC00FCDC64 /* UILabel+GKit.h */,
				FDF1EF5416F1BCFC00FCDC64 /* UILabel+GKit.m */,
				FDF1EF5516F1BCFC00FCDC64 /* UIView+GKit.h */,
				FDF1EF5616F1BCFC00FCDC64 /* UIView+GKit.m */,
			);
			path = UIKit;
			sourceTree = "<group>";
		};
		FDF1EF5C16F1BCFC00FCDC64 /* CoreData */ = {
			isa = PBXGroup;
			children = (
				F8862CBC16CA74AF006EB467 /* CoreData.framework */,
				FDF1EF5D16F1BCFC00FCDC64 /* GCoreData.h */,
				FDF1EF5E16F1BCFC00FCDC64 /* GCoreData.m */,
			);
			path = CoreData;
			sourceTree = "<group>";
		};
		FDF1EF5F16F1BCFC00FCDC64 /* UI */ = {
			isa = PBXGroup;
			children = (
				FDF1EF6016F1BCFC00FCDC64 /* GBlockTableViewController.h */,
				FDF1EF6116F1BCFC00FCDC64 /* GBlockTableViewController.m */,
				FDF1EF6216F1BCFC00FCDC64 /* GSelectionViewController.h */,
				FDF1EF6316F1BCFC00FCDC64 /* GSelectionViewController.m */,
				FDF1EF6416F1BCFC00FCDC64 /* GTableViewController.h */,
				FDF1EF6516F1BCFC00FCDC64 /* GTableViewController.m */,
				FDF1EF6616F1BCFC00FCDC64 /* GViewController.h */,
				FDF1EF6716F1BCFC00FCDC64 /* GViewController.m */,
			);
			path = UI;
			sourceTree = "<group>";
		};
/* End PBXGroup section */

/* Begin PBXNativeTarget section */
		F8862C4016CA6A35006EB467 /* GKitDemo */ = {
			isa = PBXNativeTarget;
			buildConfigurationList = F8862C7316CA6A36006EB467 /* Build configuration list for PBXNativeTarget "GKitDemo" */;
			buildPhases = (
				F8862C3D16CA6A35006EB467 /* Sources */,
				F8862C3E16CA6A35006EB467 /* Frameworks */,
				F8862C3F16CA6A35006EB467 /* Resources */,
			);
			buildRules = (
			);
			dependencies = (
			);
			name = GKitDemo;
			productName = GKitDemo;
			productReference = F8862C4116CA6A35006EB467 /* GKitDemo.app */;
			productType = "com.apple.product-type.application";
		};
		F8862C6016CA6A36006EB467 /* GKitDemoTests */ = {
			isa = PBXNativeTarget;
			buildConfigurationList = F8862C7616CA6A36006EB467 /* Build configuration list for PBXNativeTarget "GKitDemoTests" */;
			buildPhases = (
				F8862C5C16CA6A36006EB467 /* Sources */,
				F8862C5D16CA6A36006EB467 /* Frameworks */,
				F8862C5E16CA6A36006EB467 /* Resources */,
				F8862C5F16CA6A36006EB467 /* ShellScript */,
			);
			buildRules = (
			);
			dependencies = (
				F8862C6716CA6A36006EB467 /* PBXTargetDependency */,
			);
			name = GKitDemoTests;
			productName = GKitDemoTests;
			productReference = F8862C6116CA6A36006EB467 /* GKitDemoTests.octest */;
			productType = "com.apple.product-type.bundle";
		};
/* End PBXNativeTarget section */

/* Begin PBXProject section */
		F8862C3916CA6A35006EB467 /* Project object */ = {
			isa = PBXProject;
			attributes = {
				LastUpgradeCheck = 0460;
				ORGANIZATIONNAME = Hoewo;
			};
			buildConfigurationList = F8862C3C16CA6A35006EB467 /* Build configuration list for PBXProject "GKitDemo" */;
			compatibilityVersion = "Xcode 3.2";
			developmentRegion = English;
			hasScannedForEncodings = 0;
			knownRegions = (
				en,
			);
			mainGroup = F8862C3816CA6A35006EB467;
			productRefGroup = F8862C4216CA6A35006EB467 /* Products */;
			projectDirPath = "";
			projectRoot = "";
			targets = (
				F8862C4016CA6A35006EB467 /* GKitDemo */,
				F8862C6016CA6A36006EB467 /* GKitDemoTests */,
			);
		};
/* End PBXProject section */

/* Begin PBXResourcesBuildPhase section */
		F8862C3F16CA6A35006EB467 /* Resources */ = {
			isa = PBXResourcesBuildPhase;
			buildActionMask = 2147483647;
			files = (
				F8862C4F16CA6A35006EB467 /* InfoPlist.strings in Resources */,
				F8862C5716CA6A36006EB467 /* Default.png in Resources */,
				F8862C5916CA6A36006EB467 /* Default@2x.png in Resources */,
				F8862C5B16CA6A36006EB467 /* Default-568h@2x.png in Resources */,
				F8862CB816CA73E2006EB467 /* README.md in Resources */,
				FDF1EF6816F1BCFC00FCDC64 /* GKit.podspec in Resources */,
			);
			runOnlyForDeploymentPostprocessing = 0;
		};
		F8862C5E16CA6A36006EB467 /* Resources */ = {
			isa = PBXResourcesBuildPhase;
			buildActionMask = 2147483647;
			files = (
				F8862C6D16CA6A36006EB467 /* InfoPlist.strings in Resources */,
			);
			runOnlyForDeploymentPostprocessing = 0;
		};
/* End PBXResourcesBuildPhase section */

/* Begin PBXShellScriptBuildPhase section */
		F8862C5F16CA6A36006EB467 /* ShellScript */ = {
			isa = PBXShellScriptBuildPhase;
			buildActionMask = 2147483647;
			files = (
			);
			inputPaths = (
			);
			outputPaths = (
			);
			runOnlyForDeploymentPostprocessing = 0;
			shellPath = /bin/sh;
			shellScript = "# Run the unit tests in this test bundle.\n\"${SYSTEM_DEVELOPER_DIR}/Tools/RunUnitTests\"\n";
		};
/* End PBXShellScriptBuildPhase section */

/* Begin PBXSourcesBuildPhase section */
		F8862C3D16CA6A35006EB467 /* Sources */ = {
			isa = PBXSourcesBuildPhase;
			buildActionMask = 2147483647;
			files = (
				F8862C5116CA6A35006EB467 /* main.m in Sources */,
				F8862C5516CA6A36006EB467 /* AppDelegate.m in Sources */,
				FDF1EF6916F1BCFC00FCDC64 /* GAudio.m in Sources */,
				FDF1EF6A16F1BCFC00FCDC64 /* NSArray+GKit.m in Sources */,
				FDF1EF6B16F1BCFC00FCDC64 /* NSData+GKit.m in Sources */,
				FDF1EF6C16F1BCFC00FCDC64 /* NSDate+GKit.m in Sources */,
				FDF1EF6D16F1BCFC00FCDC64 /* NSObject+GKit.m in Sources */,
				FDF1EF6E16F1BCFC00FCDC64 /* NSString+GKit.m in Sources */,
				FDF1EF6F16F1BCFC00FCDC64 /* NSUserDefaults+GKit.m in Sources */,
				FDF1EF7016F1BCFC00FCDC64 /* UIApplication+GKit.m in Sources */,
				FDF1EF7116F1BCFC00FCDC64 /* UIColor+GKit.m in Sources */,
				FDF1EF7216F1BCFC00FCDC64 /* UIDevice+GKit.m in Sources */,
				FDF1EF7316F1BCFC00FCDC64 /* UILabel+GKit.m in Sources */,
				FDF1EF7416F1BCFC00FCDC64 /* UIView+GKit.m in Sources */,
				FDF1EF7516F1BCFC00FCDC64 /* GMath.m in Sources */,
				FDF1EF7616F1BCFC00FCDC64 /* GCoreData.m in Sources */,
				FDF1EF7716F1BCFC00FCDC64 /* GBlockTableViewController.m in Sources */,
				FDF1EF7816F1BCFC00FCDC64 /* GSelectionViewController.m in Sources */,
				FDF1EF7916F1BCFC00FCDC64 /* GTableViewController.m in Sources */,
				FDF1EF7A16F1BCFC00FCDC64 /* GViewController.m in Sources */,
				FD16EF2F16F303CC00457701 /* NSNumber+GKit.m in Sources */,
			);
			runOnlyForDeploymentPostprocessing = 0;
		};
		F8862C5C16CA6A36006EB467 /* Sources */ = {
			isa = PBXSourcesBuildPhase;
			buildActionMask = 2147483647;
			files = (
				F8862C7016CA6A36006EB467 /* GKitDemoTests.m in Sources */,
			);
			runOnlyForDeploymentPostprocessing = 0;
		};
/* End PBXSourcesBuildPhase section */

/* Begin PBXTargetDependency section */
		F8862C6716CA6A36006EB467 /* PBXTargetDependency */ = {
			isa = PBXTargetDependency;
			target = F8862C4016CA6A35006EB467 /* GKitDemo */;
			targetProxy = F8862C6616CA6A36006EB467 /* PBXContainerItemProxy */;
		};
/* End PBXTargetDependency section */

/* Begin PBXVariantGroup section */
		F8862C4D16CA6A35006EB467 /* InfoPlist.strings */ = {
			isa = PBXVariantGroup;
			children = (
				F8862C4E16CA6A35006EB467 /* en */,
			);
			name = InfoPlist.strings;
			sourceTree = "<group>";
		};
		F8862C6B16CA6A36006EB467 /* InfoPlist.strings */ = {
			isa = PBXVariantGroup;
			children = (
				F8862C6C16CA6A36006EB467 /* en */,
			);
			name = InfoPlist.strings;
			sourceTree = "<group>";
		};
/* End PBXVariantGroup section */

/* Begin XCBuildConfiguration section */
		F8862C7116CA6A36006EB467 /* Debug */ = {
			isa = XCBuildConfiguration;
			buildSettings = {
				ALWAYS_SEARCH_USER_PATHS = NO;
				CLANG_CXX_LANGUAGE_STANDARD = "gnu++0x";
				CLANG_CXX_LIBRARY = "libc++";
				CLANG_ENABLE_OBJC_ARC = YES;
				CLANG_WARN_CONSTANT_CONVERSION = YES;
				CLANG_WARN_EMPTY_BODY = YES;
				CLANG_WARN_ENUM_CONVERSION = YES;
				CLANG_WARN_INT_CONVERSION = YES;
				CLANG_WARN__DUPLICATE_METHOD_MATCH = YES;
				"CODE_SIGN_IDENTITY[sdk=iphoneos*]" = "iPhone Developer";
				COPY_PHASE_STRIP = NO;
				GCC_C_LANGUAGE_STANDARD = gnu99;
				GCC_DYNAMIC_NO_PIC = NO;
				GCC_OPTIMIZATION_LEVEL = 0;
				GCC_PREPROCESSOR_DEFINITIONS = (
					"DEBUG=1",
					"$(inherited)",
				);
				GCC_SYMBOLS_PRIVATE_EXTERN = NO;
				GCC_WARN_ABOUT_RETURN_TYPE = YES;
				GCC_WARN_UNINITIALIZED_AUTOS = YES;
				GCC_WARN_UNUSED_VARIABLE = YES;
				IPHONEOS_DEPLOYMENT_TARGET = 6.1;
				ONLY_ACTIVE_ARCH = YES;
				SDKROOT = iphoneos;
				TARGETED_DEVICE_FAMILY = "1,2";
			};
			name = Debug;
		};
		F8862C7216CA6A36006EB467 /* Release */ = {
			isa = XCBuildConfiguration;
			buildSettings = {
				ALWAYS_SEARCH_USER_PATHS = NO;
				CLANG_CXX_LANGUAGE_STANDARD = "gnu++0x";
				CLANG_CXX_LIBRARY = "libc++";
				CLANG_ENABLE_OBJC_ARC = YES;
				CLANG_WARN_CONSTANT_CONVERSION = YES;
				CLANG_WARN_EMPTY_BODY = YES;
				CLANG_WARN_ENUM_CONVERSION = YES;
				CLANG_WARN_INT_CONVERSION = YES;
				CLANG_WARN__DUPLICATE_METHOD_MATCH = YES;
				"CODE_SIGN_IDENTITY[sdk=iphoneos*]" = "iPhone Developer";
				COPY_PHASE_STRIP = YES;
				GCC_C_LANGUAGE_STANDARD = gnu99;
				GCC_WARN_ABOUT_RETURN_TYPE = YES;
				GCC_WARN_UNINITIALIZED_AUTOS = YES;
				GCC_WARN_UNUSED_VARIABLE = YES;
				IPHONEOS_DEPLOYMENT_TARGET = 6.1;
				OTHER_CFLAGS = "-DNS_BLOCK_ASSERTIONS=1";
				SDKROOT = iphoneos;
				TARGETED_DEVICE_FAMILY = "1,2";
				VALIDATE_PRODUCT = YES;
			};
			name = Release;
		};
		F8862C7416CA6A36006EB467 /* Debug */ = {
			isa = XCBuildConfiguration;
			buildSettings = {
				GCC_PRECOMPILE_PREFIX_HEADER = YES;
				GCC_PREFIX_HEADER = "GKitDemo/GKitDemo-Prefix.pch";
				INFOPLIST_FILE = "GKitDemo/GKitDemo-Info.plist";
				IPHONEOS_DEPLOYMENT_TARGET = 5.0;
				PRODUCT_NAME = "$(TARGET_NAME)";
				WRAPPER_EXTENSION = app;
			};
			name = Debug;
		};
		F8862C7516CA6A36006EB467 /* Release */ = {
			isa = XCBuildConfiguration;
			buildSettings = {
				GCC_PRECOMPILE_PREFIX_HEADER = YES;
				GCC_PREFIX_HEADER = "GKitDemo/GKitDemo-Prefix.pch";
				INFOPLIST_FILE = "GKitDemo/GKitDemo-Info.plist";
				IPHONEOS_DEPLOYMENT_TARGET = 5.0;
				PRODUCT_NAME = "$(TARGET_NAME)";
				WRAPPER_EXTENSION = app;
			};
			name = Release;
		};
		F8862C7716CA6A36006EB467 /* Debug */ = {
			isa = XCBuildConfiguration;
			buildSettings = {
				BUNDLE_LOADER = "$(BUILT_PRODUCTS_DIR)/GKitDemo.app/GKitDemo";
				FRAMEWORK_SEARCH_PATHS = (
					"\"$(SDKROOT)/Developer/Library/Frameworks\"",
					"\"$(DEVELOPER_LIBRARY_DIR)/Frameworks\"",
				);
				GCC_PRECOMPILE_PREFIX_HEADER = YES;
				GCC_PREFIX_HEADER = "GKitDemo/GKitDemo-Prefix.pch";
				INFOPLIST_FILE = "GKitDemoTests/GKitDemoTests-Info.plist";
				PRODUCT_NAME = "$(TARGET_NAME)";
				TEST_HOST = "$(BUNDLE_LOADER)";
				WRAPPER_EXTENSION = octest;
			};
			name = Debug;
		};
		F8862C7816CA6A36006EB467 /* Release */ = {
			isa = XCBuildConfiguration;
			buildSettings = {
				BUNDLE_LOADER = "$(BUILT_PRODUCTS_DIR)/GKitDemo.app/GKitDemo";
				FRAMEWORK_SEARCH_PATHS = (
					"\"$(SDKROOT)/Developer/Library/Frameworks\"",
					"\"$(DEVELOPER_LIBRARY_DIR)/Frameworks\"",
				);
				GCC_PRECOMPILE_PREFIX_HEADER = YES;
				GCC_PREFIX_HEADER = "GKitDemo/GKitDemo-Prefix.pch";
				INFOPLIST_FILE = "GKitDemoTests/GKitDemoTests-Info.plist";
				PRODUCT_NAME = "$(TARGET_NAME)";
				TEST_HOST = "$(BUNDLE_LOADER)";
				WRAPPER_EXTENSION = octest;
			};
			name = Release;
		};
/* End XCBuildConfiguration section */

/* Begin XCConfigurationList section */
		F8862C3C16CA6A35006EB467 /* Build configuration list for PBXProject "GKitDemo" */ = {
			isa = XCConfigurationList;
			buildConfigurations = (
				F8862C7116CA6A36006EB467 /* Debug */,
				F8862C7216CA6A36006EB467 /* Release */,
			);
			defaultConfigurationIsVisible = 0;
			defaultConfigurationName = Release;
		};
		F8862C7316CA6A36006EB467 /* Build configuration list for PBXNativeTarget "GKitDemo" */ = {
			isa = XCConfigurationList;
			buildConfigurations = (
				F8862C7416CA6A36006EB467 /* Debug */,
				F8862C7516CA6A36006EB467 /* Release */,
			);
			defaultConfigurationIsVisible = 0;
			defaultConfigurationName = Release;
		};
		F8862C7616CA6A36006EB467 /* Build configuration list for PBXNativeTarget "GKitDemoTests" */ = {
			isa = XCConfigurationList;
			buildConfigurations = (
				F8862C7716CA6A36006EB467 /* Debug */,
				F8862C7816CA6A36006EB467 /* Release */,
			);
			defaultConfigurationIsVisible = 0;
			defaultConfigurationName = Release;
		};
/* End XCConfigurationList section */
	};
	rootObject = F8862C3916CA6A35006EB467 /* Project object */;
}
